PODS:
  - libwebp (1.3.2):
    - libwebp/demux (= 1.3.2)
    - libwebp/mux (= 1.3.2)
    - libwebp/sharpyuv (= 1.3.2)
    - libwebp/webp (= 1.3.2)
  - libwebp/demux (1.3.2):
    - libwebp/webp
  - libwebp/mux (1.3.2):
    - libwebp/demux
  - libwebp/sharpyuv (1.3.2)
  - libwebp/webp (1.3.2):
    - libwebp/sharpyuv
  - MSPCore (0.0.26):
    - MSPSharedLibraries (= 0.0.26)
    - PrebidAdapter (= 0.0.26)
  - MSPSharedLibraries (0.0.26)
  - NovaAdapter (0.0.26):
    - MSPSharedLibraries (= 0.0.26)
  - PrebidAdapter (0.0.26):
    - MSPSharedLibraries (= 0.0.26)
  - SDWebImage (5.18.8):
    - SDWebImage/Core (= 5.18.8)
  - SDWebImage/Core (5.18.8)
  - SDWebImageWebPCoder (0.14.2):
    - libwebp (~> 1.0)
    - SDWebImage/Core (~> 5.17)
  - Shimmer (1.0.2)
  - SnapKit (5.6.0)

DEPENDENCIES:
  - MSPCore (= 0.0.26)
  - NovaAdapter (= 0.0.26)
  - SDWebImage (= 5.18.8)
  - SDWebImageWebPCoder (= 0.14.2)
  - Shimmer
  - SnapKit (~> 5.6.0)

SPEC REPOS:
  trunk:
    - libwebp
    - MSPCore
    - MSPSharedLibraries
    - NovaAdapter
    - PrebidAdapter
    - SDWebImage
    - SDWebImageWebPCoder
    - Shimmer
    - SnapKit

SPEC CHECKSUMS:
  libwebp: 1786c9f4ff8a279e4dac1e8f385004d5fc253009
  MSPCore: e9592bf481035d026a46192abb9cc3bffa6ef170
  MSPSharedLibraries: 092d0cd686cb82b5f76b9807d671265a6792add5
  NovaAdapter: 0b64a70e0b9a3b3356aff4247b85cd22a4b0a442
  PrebidAdapter: 65072018431d93efecc163c743312f62c859cf32
  SDWebImage: a81bbb3ba4ea5f810f4069c68727cb118467a04a
  SDWebImageWebPCoder: 633b813fca24f1de5e076bcd7f720c038b23892b
  Shimmer: c5374be1c2b0c9e292fb05b339a513cf291cac86
  SnapKit: e01d52ebb8ddbc333eefe2132acf85c8227d9c25

PODFILE CHECKSUM: 06cbc54e86495c238ae43103cbcc98cd47650ff3

COCOAPODS: 1.14.3
