PODS:
  - FacebookAdapter (0.0.81):
    - FBAudienceNetwork (= 6.15.0)
    - MSPSharedLibraries (= 0.0.78)
  - FBAudienceNetwork (6.15.0)
  - Google-Mobile-Ads-SDK (11.2.0):
    - GoogleUserMessagingPlatform (>= 1.1)
  - GoogleAdapter (0.0.81):
    - Google-Mobile-Ads-SDK (= 11.2.0)
    - MSPSharedLibraries (= 0.0.78)
  - GoogleUserMessagingPlatform (2.7.0)
  - MSPCore (0.0.81):
    - MSPSharedLibraries (= 0.0.78)
    - PrebidAdapter (= 0.0.81)
    - SwiftProtobuf (= 1.21.0)
  - MSPSharedLibraries (0.0.78)
  - NovaAdapter (0.0.81):
    - MSPSharedLibraries (= 0.0.78)
  - PrebidAdapter (0.0.81):
    - MSPSharedLibraries (= 0.0.78)
  - Shimmer (1.0.2)
  - SwiftProtobuf (1.21.0)

DEPENDENCIES:
  - FacebookAdapter (from `./`)
  - GoogleAdapter (from `./`)
  - MSPCore (from `./`)
  - NovaAdapter (from `./`)
  - Shimmer

SPEC REPOS:
  trunk:
    - FBAudienceNetwork
    - Google-Mobile-Ads-SDK
    - GoogleUserMessagingPlatform
    - MSPSharedLibraries
    - PrebidAdapter
    - Shimmer
    - SwiftProtobuf

EXTERNAL SOURCES:
  FacebookAdapter:
    :path: "./"
  GoogleAdapter:
    :path: "./"
  MSPCore:
    :path: "./"
  NovaAdapter:
    :path: "./"

SPEC CHECKSUMS:
  FacebookAdapter: 69b72f010f547b872dd17c690db2933b1d4f8afe
  FBAudienceNetwork: 80a035aa69cc3a71c99e44cb5c2874e4cef9909f
  Google-Mobile-Ads-SDK: 5a6d005a6cb5b5e8f4c7b69ca05cdea79c181139
  GoogleAdapter: 798264209482d2ff4552d5f72baf21e4d80142f2
  GoogleUserMessagingPlatform: a8b56893477f67212fbc8411c139e61d463349f5
  MSPCore: c027b57316dfc7629371b33c2dc100cf3c5d1e91
  MSPSharedLibraries: 6b799fca03c17e960888dbde560fcf1330fe9ef8
  NovaAdapter: 8d033182a5d0c90d175cc20b2a99f9edddd49f24
  PrebidAdapter: 4946490628dc1cfa3f3e9d2b201379ee1ff03a21
  Shimmer: c5374be1c2b0c9e292fb05b339a513cf291cac86
  SwiftProtobuf: afced68785854575756db965e9da52bbf3dc45e7

PODFILE CHECKSUM: 3a514cc7ee0b9b18c2723f7cd874913297d4e813

COCOAPODS: 1.15.2
