// !$*UTF8*$!
{
	archiveVersion = 1;
	classes = {
	};
	objectVersion = 56;
	objects = {

/* Begin PBXBuildFile section */
		66E5331E2C1A4ED900255D15 /* NovaAdapter.docc in Sources */ = {isa = PBXBuildFile; fileRef = 66E5331D2C1A4ED900255D15 /* NovaAdapter.docc */; };
		66E533242C1A4ED900255D15 /* NovaAdapter.framework in Frameworks */ = {isa = PBXBuildFile; fileRef = 66E533192C1A4ED900255D15 /* NovaAdapter.framework */; };
		66E533292C1A4ED900255D15 /* NovaAdapterTests.swift in Sources */ = {isa = PBXBuildFile; fileRef = 66E533282C1A4ED900255D15 /* NovaAdapterTests.swift */; };
		66E5332A2C1A4ED900255D15 /* NovaAdapter.h in Headers */ = {isa = PBXBuildFile; fileRef = 66E5331C2C1A4ED900255D15 /* NovaAdapter.h */; settings = {ATTRIBUTES = (Public, ); }; };
		66E533352C1A4F5800255D15 /* shared.xcframework in Frameworks */ = {isa = PBXBuildFile; fileRef = 66E533342C1A4F5800255D15 /* shared.xcframework */; };
		66E533392C1A589700255D15 /* NovaNativeAd.swift in Sources */ = {isa = PBXBuildFile; fileRef = 66E533382C1A589700255D15 /* NovaNativeAd.swift */; };
		66E5333B2C1A601D00255D15 /* NovaAdLoader.swift in Sources */ = {isa = PBXBuildFile; fileRef = 66E5333A2C1A601D00255D15 /* NovaAdLoader.swift */; };
		66E5333D2C1A67F600255D15 /* NovaResponseDataModel.swift in Sources */ = {isa = PBXBuildFile; fileRef = 66E5333C2C1A67F600255D15 /* NovaResponseDataModel.swift */; };
		66E533592C22343600255D15 /* NovaBaseAd.swift in Sources */ = {isa = PBXBuildFile; fileRef = 66E533582C22343600255D15 /* NovaBaseAd.swift */; };
		66E5335B2C2234EF00255D15 /* NovaNativeAdItem.swift in Sources */ = {isa = PBXBuildFile; fileRef = 66E5335A2C2234EF00255D15 /* NovaNativeAdItem.swift */; };
		66E5335D2C22369F00255D15 /* NovaAdLaunchOption.swift in Sources */ = {isa = PBXBuildFile; fileRef = 66E5335C2C22369F00255D15 /* NovaAdLaunchOption.swift */; };
		66E5335F2C2236BF00255D15 /* NovaCreativeType.swift in Sources */ = {isa = PBXBuildFile; fileRef = 66E5335E2C2236BF00255D15 /* NovaCreativeType.swift */; };
		66E533612C2237E000255D15 /* NovaNativeAdVideoInfo.swift in Sources */ = {isa = PBXBuildFile; fileRef = 66E533602C2237E000255D15 /* NovaNativeAdVideoInfo.swift */; };
		66E533632C22381700255D15 /* NovaNativeAdVideoState.swift in Sources */ = {isa = PBXBuildFile; fileRef = 66E533622C22381700255D15 /* NovaNativeAdVideoState.swift */; };
		66E533652C2238B200255D15 /* NovaNativeAdInteractiveBanner.swift in Sources */ = {isa = PBXBuildFile; fileRef = 66E533642C2238B200255D15 /* NovaNativeAdInteractiveBanner.swift */; };
		66E533672C22393500255D15 /* NovaNativeAdDelegate.swift in Sources */ = {isa = PBXBuildFile; fileRef = 66E533662C22393500255D15 /* NovaNativeAdDelegate.swift */; };
		66E5336A2C2239A800255D15 /* VideoPlayerCacheHandler.swift in Sources */ = {isa = PBXBuildFile; fileRef = 66E533692C2239A800255D15 /* VideoPlayerCacheHandler.swift */; };
		66E5336C2C223A4100255D15 /* VideoPlayer.swift in Sources */ = {isa = PBXBuildFile; fileRef = 66E5336B2C223A4100255D15 /* VideoPlayer.swift */; };
		66E5336E2C223B0100255D15 /* Player.swift in Sources */ = {isa = PBXBuildFile; fileRef = 66E5336D2C223B0100255D15 /* Player.swift */; };
		66E533702C223B7F00255D15 /* VideoPlayerProtocol.swift in Sources */ = {isa = PBXBuildFile; fileRef = 66E5336F2C223B7F00255D15 /* VideoPlayerProtocol.swift */; };
		66E533732C223C0000255D15 /* ActionHandlerMaster.swift in Sources */ = {isa = PBXBuildFile; fileRef = 66E533722C223C0000255D15 /* ActionHandlerMaster.swift */; };
		66E533752C223C2400255D15 /* ActionHandling.swift in Sources */ = {isa = PBXBuildFile; fileRef = 66E533742C223C2400255D15 /* ActionHandling.swift */; };
		66E533772C223C3C00255D15 /* ActionModel.swift in Sources */ = {isa = PBXBuildFile; fileRef = 66E533762C223C3C00255D15 /* ActionModel.swift */; };
		66E533792C223C6200255D15 /* EmptyActionDataModel.swift in Sources */ = {isa = PBXBuildFile; fileRef = 66E533782C223C6200255D15 /* EmptyActionDataModel.swift */; };
		66E5337B2C223E1000255D15 /* VideoPlayerController.swift in Sources */ = {isa = PBXBuildFile; fileRef = 66E5337A2C223E1000255D15 /* VideoPlayerController.swift */; };
		66E5337D2C223F0C00255D15 /* VideoPlayLog.swift in Sources */ = {isa = PBXBuildFile; fileRef = 66E5337C2C223F0C00255D15 /* VideoPlayLog.swift */; };
		66E533812C2240E800255D15 /* VideoProgressView.swift in Sources */ = {isa = PBXBuildFile; fileRef = 66E533802C2240E800255D15 /* VideoProgressView.swift */; };
/* End PBXBuildFile section */

/* Begin PBXContainerItemProxy section */
		66E533252C1A4ED900255D15 /* PBXContainerItemProxy */ = {
			isa = PBXContainerItemProxy;
			containerPortal = 66E533102C1A4ED800255D15 /* Project object */;
			proxyType = 1;
			remoteGlobalIDString = 66E533182C1A4ED900255D15;
			remoteInfo = NovaAdapter;
		};
/* End PBXContainerItemProxy section */

/* Begin PBXFileReference section */
		66E533192C1A4ED900255D15 /* NovaAdapter.framework */ = {isa = PBXFileReference; explicitFileType = wrapper.framework; includeInIndex = 0; path = NovaAdapter.framework; sourceTree = BUILT_PRODUCTS_DIR; };
		66E5331C2C1A4ED900255D15 /* NovaAdapter.h */ = {isa = PBXFileReference; lastKnownFileType = sourcecode.c.h; path = NovaAdapter.h; sourceTree = "<group>"; };
		66E5331D2C1A4ED900255D15 /* NovaAdapter.docc */ = {isa = PBXFileReference; lastKnownFileType = folder.documentationcatalog; path = NovaAdapter.docc; sourceTree = "<group>"; };
		66E533232C1A4ED900255D15 /* NovaAdapterTests.xctest */ = {isa = PBXFileReference; explicitFileType = wrapper.cfbundle; includeInIndex = 0; path = NovaAdapterTests.xctest; sourceTree = BUILT_PRODUCTS_DIR; };
		66E533282C1A4ED900255D15 /* NovaAdapterTests.swift */ = {isa = PBXFileReference; lastKnownFileType = sourcecode.swift; path = NovaAdapterTests.swift; sourceTree = "<group>"; };
		66E533342C1A4F5800255D15 /* shared.xcframework */ = {isa = PBXFileReference; lastKnownFileType = wrapper.xcframework; path = shared.xcframework; sourceTree = "<group>"; };
		66E533382C1A589700255D15 /* NovaNativeAd.swift */ = {isa = PBXFileReference; lastKnownFileType = sourcecode.swift; path = NovaNativeAd.swift; sourceTree = "<group>"; };
		66E5333A2C1A601D00255D15 /* NovaAdLoader.swift */ = {isa = PBXFileReference; lastKnownFileType = sourcecode.swift; path = NovaAdLoader.swift; sourceTree = "<group>"; };
		66E5333C2C1A67F600255D15 /* NovaResponseDataModel.swift */ = {isa = PBXFileReference; lastKnownFileType = sourcecode.swift; path = NovaResponseDataModel.swift; sourceTree = "<group>"; };
		66E533582C22343600255D15 /* NovaBaseAd.swift */ = {isa = PBXFileReference; lastKnownFileType = sourcecode.swift; path = NovaBaseAd.swift; sourceTree = "<group>"; };
		66E5335A2C2234EF00255D15 /* NovaNativeAdItem.swift */ = {isa = PBXFileReference; lastKnownFileType = sourcecode.swift; path = NovaNativeAdItem.swift; sourceTree = "<group>"; };
		66E5335C2C22369F00255D15 /* NovaAdLaunchOption.swift */ = {isa = PBXFileReference; lastKnownFileType = sourcecode.swift; path = NovaAdLaunchOption.swift; sourceTree = "<group>"; };
		66E5335E2C2236BF00255D15 /* NovaCreativeType.swift */ = {isa = PBXFileReference; lastKnownFileType = sourcecode.swift; path = NovaCreativeType.swift; sourceTree = "<group>"; };
		66E533602C2237E000255D15 /* NovaNativeAdVideoInfo.swift */ = {isa = PBXFileReference; lastKnownFileType = sourcecode.swift; path = NovaNativeAdVideoInfo.swift; sourceTree = "<group>"; };
		66E533622C22381700255D15 /* NovaNativeAdVideoState.swift */ = {isa = PBXFileReference; lastKnownFileType = sourcecode.swift; path = NovaNativeAdVideoState.swift; sourceTree = "<group>"; };
		66E533642C2238B200255D15 /* NovaNativeAdInteractiveBanner.swift */ = {isa = PBXFileReference; lastKnownFileType = sourcecode.swift; path = NovaNativeAdInteractiveBanner.swift; sourceTree = "<group>"; };
		66E533662C22393500255D15 /* NovaNativeAdDelegate.swift */ = {isa = PBXFileReference; lastKnownFileType = sourcecode.swift; path = NovaNativeAdDelegate.swift; sourceTree = "<group>"; };
		66E533692C2239A800255D15 /* VideoPlayerCacheHandler.swift */ = {isa = PBXFileReference; lastKnownFileType = sourcecode.swift; path = VideoPlayerCacheHandler.swift; sourceTree = "<group>"; };
		66E5336B2C223A4100255D15 /* VideoPlayer.swift */ = {isa = PBXFileReference; lastKnownFileType = sourcecode.swift; path = VideoPlayer.swift; sourceTree = "<group>"; };
		66E5336D2C223B0100255D15 /* Player.swift */ = {isa = PBXFileReference; lastKnownFileType = sourcecode.swift; path = Player.swift; sourceTree = "<group>"; };
		66E5336F2C223B7F00255D15 /* VideoPlayerProtocol.swift */ = {isa = PBXFileReference; lastKnownFileType = sourcecode.swift; path = VideoPlayerProtocol.swift; sourceTree = "<group>"; };
		66E533722C223C0000255D15 /* ActionHandlerMaster.swift */ = {isa = PBXFileReference; lastKnownFileType = sourcecode.swift; path = ActionHandlerMaster.swift; sourceTree = "<group>"; };
		66E533742C223C2400255D15 /* ActionHandling.swift */ = {isa = PBXFileReference; lastKnownFileType = sourcecode.swift; path = ActionHandling.swift; sourceTree = "<group>"; };
		66E533762C223C3C00255D15 /* ActionModel.swift */ = {isa = PBXFileReference; lastKnownFileType = sourcecode.swift; path = ActionModel.swift; sourceTree = "<group>"; };
		66E533782C223C6200255D15 /* EmptyActionDataModel.swift */ = {isa = PBXFileReference; lastKnownFileType = sourcecode.swift; path = EmptyActionDataModel.swift; sourceTree = "<group>"; };
		66E5337A2C223E1000255D15 /* VideoPlayerController.swift */ = {isa = PBXFileReference; lastKnownFileType = sourcecode.swift; path = VideoPlayerController.swift; sourceTree = "<group>"; };
		66E5337C2C223F0C00255D15 /* VideoPlayLog.swift */ = {isa = PBXFileReference; lastKnownFileType = sourcecode.swift; path = VideoPlayLog.swift; sourceTree = "<group>"; };
		66E533802C2240E800255D15 /* VideoProgressView.swift */ = {isa = PBXFileReference; lastKnownFileType = sourcecode.swift; path = VideoProgressView.swift; sourceTree = "<group>"; };
/* End PBXFileReference section */

/* Begin PBXFrameworksBuildPhase section */
		66E533162C1A4ED900255D15 /* Frameworks */ = {
			isa = PBXFrameworksBuildPhase;
			buildActionMask = 2147483647;
			files = (
				66E533352C1A4F5800255D15 /* shared.xcframework in Frameworks */,
			);
			runOnlyForDeploymentPostprocessing = 0;
		};
		66E533202C1A4ED900255D15 /* Frameworks */ = {
			isa = PBXFrameworksBuildPhase;
			buildActionMask = 2147483647;
			files = (
				66E533242C1A4ED900255D15 /* NovaAdapter.framework in Frameworks */,
			);
			runOnlyForDeploymentPostprocessing = 0;
		};
/* End PBXFrameworksBuildPhase section */

/* Begin PBXGroup section */
		66E5330F2C1A4ED800255D15 = {
			isa = PBXGroup;
			children = (
				66E5331B2C1A4ED900255D15 /* NovaAdapter */,
				66E533272C1A4ED900255D15 /* NovaAdapterTests */,
				66E5331A2C1A4ED900255D15 /* Products */,
				66E533332C1A4F5800255D15 /* Frameworks */,
			);
			sourceTree = "<group>";
		};
		66E5331A2C1A4ED900255D15 /* Products */ = {
			isa = PBXGroup;
			children = (
				66E533192C1A4ED900255D15 /* NovaAdapter.framework */,
				66E533232C1A4ED900255D15 /* NovaAdapterTests.xctest */,
			);
			name = Products;
			sourceTree = "<group>";
		};
		66E5331B2C1A4ED900255D15 /* NovaAdapter */ = {
			isa = PBXGroup;
			children = (
				66E533712C223BCC00255D15 /* MSPActionHandler */,
				66E533682C22398B00255D15 /* VideoPlayer */,
				66E533572C22340F00255D15 /* Native */,
				66E5333E2C1B66D000255D15 /* Media */,
				66E5331C2C1A4ED900255D15 /* NovaAdapter.h */,
				66E5331D2C1A4ED900255D15 /* NovaAdapter.docc */,
				66E533382C1A589700255D15 /* NovaNativeAd.swift */,
				66E5333A2C1A601D00255D15 /* NovaAdLoader.swift */,
				66E5333C2C1A67F600255D15 /* NovaResponseDataModel.swift */,
				66E533582C22343600255D15 /* NovaBaseAd.swift */,
				66E5335C2C22369F00255D15 /* NovaAdLaunchOption.swift */,
				66E5335E2C2236BF00255D15 /* NovaCreativeType.swift */,
			);
			path = NovaAdapter;
			sourceTree = "<group>";
		};
		66E533272C1A4ED900255D15 /* NovaAdapterTests */ = {
			isa = PBXGroup;
			children = (
				66E533282C1A4ED900255D15 /* NovaAdapterTests.swift */,
			);
			path = NovaAdapterTests;
			sourceTree = "<group>";
		};
		66E533332C1A4F5800255D15 /* Frameworks */ = {
			isa = PBXGroup;
			children = (
				66E533342C1A4F5800255D15 /* shared.xcframework */,
			);
			name = Frameworks;
			sourceTree = "<group>";
		};
		66E5333E2C1B66D000255D15 /* Media */ = {
			isa = PBXGroup;
			children = (
			);
			path = Media;
			sourceTree = "<group>";
		};
		66E533572C22340F00255D15 /* Native */ = {
			isa = PBXGroup;
			children = (
				66E5335A2C2234EF00255D15 /* NovaNativeAdItem.swift */,
				66E533602C2237E000255D15 /* NovaNativeAdVideoInfo.swift */,
				66E533622C22381700255D15 /* NovaNativeAdVideoState.swift */,
				66E533642C2238B200255D15 /* NovaNativeAdInteractiveBanner.swift */,
				66E533662C22393500255D15 /* NovaNativeAdDelegate.swift */,
			);
			path = Native;
			sourceTree = "<group>";
		};
		66E533682C22398B00255D15 /* VideoPlayer */ = {
			isa = PBXGroup;
			children = (
				66E533692C2239A800255D15 /* VideoPlayerCacheHandler.swift */,
				66E5336B2C223A4100255D15 /* VideoPlayer.swift */,
				66E5336D2C223B0100255D15 /* Player.swift */,
				66E5336F2C223B7F00255D15 /* VideoPlayerProtocol.swift */,
				66E5337A2C223E1000255D15 /* VideoPlayerController.swift */,
				66E5337C2C223F0C00255D15 /* VideoPlayLog.swift */,
				66E533802C2240E800255D15 /* VideoProgressView.swift */,
			);
			path = VideoPlayer;
			sourceTree = "<group>";
		};
		66E533712C223BCC00255D15 /* MSPActionHandler */ = {
			isa = PBXGroup;
			children = (
				66E533722C223C0000255D15 /* ActionHandlerMaster.swift */,
				66E533742C223C2400255D15 /* ActionHandling.swift */,
				66E533762C223C3C00255D15 /* ActionModel.swift */,
				66E533782C223C6200255D15 /* EmptyActionDataModel.swift */,
			);
			path = MSPActionHandler;
			sourceTree = "<group>";
		};
/* End PBXGroup section */

/* Begin PBXHeadersBuildPhase section */
		66E533142C1A4ED900255D15 /* Headers */ = {
			isa = PBXHeadersBuildPhase;
			buildActionMask = 2147483647;
			files = (
				66E5332A2C1A4ED900255D15 /* NovaAdapter.h in Headers */,
			);
			runOnlyForDeploymentPostprocessing = 0;
		};
/* End PBXHeadersBuildPhase section */

/* Begin PBXNativeTarget section */
		66E533182C1A4ED900255D15 /* NovaAdapter */ = {
			isa = PBXNativeTarget;
			buildConfigurationList = 66E5332D2C1A4ED900255D15 /* Build configuration list for PBXNativeTarget "NovaAdapter" */;
			buildPhases = (
				66E533142C1A4ED900255D15 /* Headers */,
				66E533152C1A4ED900255D15 /* Sources */,
				66E533162C1A4ED900255D15 /* Frameworks */,
				66E533172C1A4ED900255D15 /* Resources */,
			);
			buildRules = (
			);
			dependencies = (
			);
			name = NovaAdapter;
			productName = NovaAdapter;
			productReference = 66E533192C1A4ED900255D15 /* NovaAdapter.framework */;
			productType = "com.apple.product-type.framework";
		};
		66E533222C1A4ED900255D15 /* NovaAdapterTests */ = {
			isa = PBXNativeTarget;
			buildConfigurationList = 66E533302C1A4ED900255D15 /* Build configuration list for PBXNativeTarget "NovaAdapterTests" */;
			buildPhases = (
				66E5331F2C1A4ED900255D15 /* Sources */,
				66E533202C1A4ED900255D15 /* Frameworks */,
				66E533212C1A4ED900255D15 /* Resources */,
			);
			buildRules = (
			);
			dependencies = (
				66E533262C1A4ED900255D15 /* PBXTargetDependency */,
			);
			name = NovaAdapterTests;
			productName = NovaAdapterTests;
			productReference = 66E533232C1A4ED900255D15 /* NovaAdapterTests.xctest */;
			productType = "com.apple.product-type.bundle.unit-test";
		};
/* End PBXNativeTarget section */

/* Begin PBXProject section */
		66E533102C1A4ED800255D15 /* Project object */ = {
			isa = PBXProject;
			attributes = {
				BuildIndependentTargetsInParallel = 1;
				LastSwiftUpdateCheck = 1540;
				LastUpgradeCheck = 1540;
				TargetAttributes = {
					66E533182C1A4ED900255D15 = {
						CreatedOnToolsVersion = 15.4;
					};
					66E533222C1A4ED900255D15 = {
						CreatedOnToolsVersion = 15.4;
					};
				};
			};
			buildConfigurationList = 66E533132C1A4ED800255D15 /* Build configuration list for PBXProject "NovaAdapter" */;
			compatibilityVersion = "Xcode 14.0";
			developmentRegion = en;
			hasScannedForEncodings = 0;
			knownRegions = (
				en,
				Base,
			);
			mainGroup = 66E5330F2C1A4ED800255D15;
			productRefGroup = 66E5331A2C1A4ED900255D15 /* Products */;
			projectDirPath = "";
			projectRoot = "";
			targets = (
				66E533182C1A4ED900255D15 /* NovaAdapter */,
				66E533222C1A4ED900255D15 /* NovaAdapterTests */,
			);
		};
/* End PBXProject section */

/* Begin PBXResourcesBuildPhase section */
		66E533172C1A4ED900255D15 /* Resources */ = {
			isa = PBXResourcesBuildPhase;
			buildActionMask = 2147483647;
			files = (
			);
			runOnlyForDeploymentPostprocessing = 0;
		};
		66E533212C1A4ED900255D15 /* Resources */ = {
			isa = PBXResourcesBuildPhase;
			buildActionMask = 2147483647;
			files = (
			);
			runOnlyForDeploymentPostprocessing = 0;
		};
/* End PBXResourcesBuildPhase section */

/* Begin PBXSourcesBuildPhase section */
		66E533152C1A4ED900255D15 /* Sources */ = {
			isa = PBXSourcesBuildPhase;
			buildActionMask = 2147483647;
			files = (
				66E5337B2C223E1000255D15 /* VideoPlayerController.swift in Sources */,
				66E5336C2C223A4100255D15 /* VideoPlayer.swift in Sources */,
				66E533672C22393500255D15 /* NovaNativeAdDelegate.swift in Sources */,
				66E5333D2C1A67F600255D15 /* NovaResponseDataModel.swift in Sources */,
				66E533592C22343600255D15 /* NovaBaseAd.swift in Sources */,
				66E533752C223C2400255D15 /* ActionHandling.swift in Sources */,
				66E5335F2C2236BF00255D15 /* NovaCreativeType.swift in Sources */,
				66E533652C2238B200255D15 /* NovaNativeAdInteractiveBanner.swift in Sources */,
				66E5335B2C2234EF00255D15 /* NovaNativeAdItem.swift in Sources */,
				66E5335D2C22369F00255D15 /* NovaAdLaunchOption.swift in Sources */,
				66E533812C2240E800255D15 /* VideoProgressView.swift in Sources */,
				66E5337D2C223F0C00255D15 /* VideoPlayLog.swift in Sources */,
				66E533732C223C0000255D15 /* ActionHandlerMaster.swift in Sources */,
				66E5331E2C1A4ED900255D15 /* NovaAdapter.docc in Sources */,
				66E5336A2C2239A800255D15 /* VideoPlayerCacheHandler.swift in Sources */,
				66E533772C223C3C00255D15 /* ActionModel.swift in Sources */,
				66E533792C223C6200255D15 /* EmptyActionDataModel.swift in Sources */,
				66E533702C223B7F00255D15 /* VideoPlayerProtocol.swift in Sources */,
				66E533612C2237E000255D15 /* NovaNativeAdVideoInfo.swift in Sources */,
				66E533632C22381700255D15 /* NovaNativeAdVideoState.swift in Sources */,
				66E533392C1A589700255D15 /* NovaNativeAd.swift in Sources */,
				66E5336E2C223B0100255D15 /* Player.swift in Sources */,
				66E5333B2C1A601D00255D15 /* NovaAdLoader.swift in Sources */,
			);
			runOnlyForDeploymentPostprocessing = 0;
		};
		66E5331F2C1A4ED900255D15 /* Sources */ = {
			isa = PBXSourcesBuildPhase;
			buildActionMask = 2147483647;
			files = (
				66E533292C1A4ED900255D15 /* NovaAdapterTests.swift in Sources */,
			);
			runOnlyForDeploymentPostprocessing = 0;
		};
/* End PBXSourcesBuildPhase section */

/* Begin PBXTargetDependency section */
		66E533262C1A4ED900255D15 /* PBXTargetDependency */ = {
			isa = PBXTargetDependency;
			target = 66E533182C1A4ED900255D15 /* NovaAdapter */;
			targetProxy = 66E533252C1A4ED900255D15 /* PBXContainerItemProxy */;
		};
/* End PBXTargetDependency section */

/* Begin XCBuildConfiguration section */
		66E5332B2C1A4ED900255D15 /* Debug */ = {
			isa = XCBuildConfiguration;
			buildSettings = {
				ALWAYS_SEARCH_USER_PATHS = NO;
				ASSETCATALOG_COMPILER_GENERATE_SWIFT_ASSET_SYMBOL_EXTENSIONS = YES;
				CLANG_ANALYZER_NONNULL = YES;
				CLANG_ANALYZER_NUMBER_OBJECT_CONVERSION = YES_AGGRESSIVE;
				CLANG_CXX_LANGUAGE_STANDARD = "gnu++20";
				CLANG_ENABLE_MODULES = YES;
				CLANG_ENABLE_OBJC_ARC = YES;
				CLANG_ENABLE_OBJC_WEAK = YES;
				CLANG_WARN_BLOCK_CAPTURE_AUTORELEASING = YES;
				CLANG_WARN_BOOL_CONVERSION = YES;
				CLANG_WARN_COMMA = YES;
				CLANG_WARN_CONSTANT_CONVERSION = YES;
				CLANG_WARN_DEPRECATED_OBJC_IMPLEMENTATIONS = YES;
				CLANG_WARN_DIRECT_OBJC_ISA_USAGE = YES_ERROR;
				CLANG_WARN_DOCUMENTATION_COMMENTS = YES;
				CLANG_WARN_EMPTY_BODY = YES;
				CLANG_WARN_ENUM_CONVERSION = YES;
				CLANG_WARN_INFINITE_RECURSION = YES;
				CLANG_WARN_INT_CONVERSION = YES;
				CLANG_WARN_NON_LITERAL_NULL_CONVERSION = YES;
				CLANG_WARN_OBJC_IMPLICIT_RETAIN_SELF = YES;
				CLANG_WARN_OBJC_LITERAL_CONVERSION = YES;
				CLANG_WARN_OBJC_ROOT_CLASS = YES_ERROR;
				CLANG_WARN_QUOTED_INCLUDE_IN_FRAMEWORK_HEADER = YES;
				CLANG_WARN_RANGE_LOOP_ANALYSIS = YES;
				CLANG_WARN_STRICT_PROTOTYPES = YES;
				CLANG_WARN_SUSPICIOUS_MOVE = YES;
				CLANG_WARN_UNGUARDED_AVAILABILITY = YES_AGGRESSIVE;
				CLANG_WARN_UNREACHABLE_CODE = YES;
				CLANG_WARN__DUPLICATE_METHOD_MATCH = YES;
				COPY_PHASE_STRIP = NO;
				CURRENT_PROJECT_VERSION = 1;
				DEBUG_INFORMATION_FORMAT = dwarf;
				ENABLE_STRICT_OBJC_MSGSEND = YES;
				ENABLE_TESTABILITY = YES;
				ENABLE_USER_SCRIPT_SANDBOXING = YES;
				GCC_C_LANGUAGE_STANDARD = gnu17;
				GCC_DYNAMIC_NO_PIC = NO;
				GCC_NO_COMMON_BLOCKS = YES;
				GCC_OPTIMIZATION_LEVEL = 0;
				GCC_PREPROCESSOR_DEFINITIONS = (
					"DEBUG=1",
					"$(inherited)",
				);
				GCC_WARN_64_TO_32_BIT_CONVERSION = YES;
				GCC_WARN_ABOUT_RETURN_TYPE = YES_ERROR;
				GCC_WARN_UNDECLARED_SELECTOR = YES;
				GCC_WARN_UNINITIALIZED_AUTOS = YES_AGGRESSIVE;
				GCC_WARN_UNUSED_FUNCTION = YES;
				GCC_WARN_UNUSED_VARIABLE = YES;
				IPHONEOS_DEPLOYMENT_TARGET = 17.5;
				LOCALIZATION_PREFERS_STRING_CATALOGS = YES;
				MTL_ENABLE_DEBUG_INFO = INCLUDE_SOURCE;
				MTL_FAST_MATH = YES;
				ONLY_ACTIVE_ARCH = YES;
				SDKROOT = iphoneos;
				SWIFT_ACTIVE_COMPILATION_CONDITIONS = "DEBUG $(inherited)";
				SWIFT_OPTIMIZATION_LEVEL = "-Onone";
				VERSIONING_SYSTEM = "apple-generic";
				VERSION_INFO_PREFIX = "";
			};
			name = Debug;
		};
		66E5332C2C1A4ED900255D15 /* Release */ = {
			isa = XCBuildConfiguration;
			buildSettings = {
				ALWAYS_SEARCH_USER_PATHS = NO;
				ASSETCATALOG_COMPILER_GENERATE_SWIFT_ASSET_SYMBOL_EXTENSIONS = YES;
				CLANG_ANALYZER_NONNULL = YES;
				CLANG_ANALYZER_NUMBER_OBJECT_CONVERSION = YES_AGGRESSIVE;
				CLANG_CXX_LANGUAGE_STANDARD = "gnu++20";
				CLANG_ENABLE_MODULES = YES;
				CLANG_ENABLE_OBJC_ARC = YES;
				CLANG_ENABLE_OBJC_WEAK = YES;
				CLANG_WARN_BLOCK_CAPTURE_AUTORELEASING = YES;
				CLANG_WARN_BOOL_CONVERSION = YES;
				CLANG_WARN_COMMA = YES;
				CLANG_WARN_CONSTANT_CONVERSION = YES;
				CLANG_WARN_DEPRECATED_OBJC_IMPLEMENTATIONS = YES;
				CLANG_WARN_DIRECT_OBJC_ISA_USAGE = YES_ERROR;
				CLANG_WARN_DOCUMENTATION_COMMENTS = YES;
				CLANG_WARN_EMPTY_BODY = YES;
				CLANG_WARN_ENUM_CONVERSION = YES;
				CLANG_WARN_INFINITE_RECURSION = YES;
				CLANG_WARN_INT_CONVERSION = YES;
				CLANG_WARN_NON_LITERAL_NULL_CONVERSION = YES;
				CLANG_WARN_OBJC_IMPLICIT_RETAIN_SELF = YES;
				CLANG_WARN_OBJC_LITERAL_CONVERSION = YES;
				CLANG_WARN_OBJC_ROOT_CLASS = YES_ERROR;
				CLANG_WARN_QUOTED_INCLUDE_IN_FRAMEWORK_HEADER = YES;
				CLANG_WARN_RANGE_LOOP_ANALYSIS = YES;
				CLANG_WARN_STRICT_PROTOTYPES = YES;
				CLANG_WARN_SUSPICIOUS_MOVE = YES;
				CLANG_WARN_UNGUARDED_AVAILABILITY = YES_AGGRESSIVE;
				CLANG_WARN_UNREACHABLE_CODE = YES;
				CLANG_WARN__DUPLICATE_METHOD_MATCH = YES;
				COPY_PHASE_STRIP = NO;
				CURRENT_PROJECT_VERSION = 1;
				DEBUG_INFORMATION_FORMAT = "dwarf-with-dsym";
				ENABLE_NS_ASSERTIONS = NO;
				ENABLE_STRICT_OBJC_MSGSEND = YES;
				ENABLE_USER_SCRIPT_SANDBOXING = YES;
				GCC_C_LANGUAGE_STANDARD = gnu17;
				GCC_NO_COMMON_BLOCKS = YES;
				GCC_WARN_64_TO_32_BIT_CONVERSION = YES;
				GCC_WARN_ABOUT_RETURN_TYPE = YES_ERROR;
				GCC_WARN_UNDECLARED_SELECTOR = YES;
				GCC_WARN_UNINITIALIZED_AUTOS = YES_AGGRESSIVE;
				GCC_WARN_UNUSED_FUNCTION = YES;
				GCC_WARN_UNUSED_VARIABLE = YES;
				IPHONEOS_DEPLOYMENT_TARGET = 17.5;
				LOCALIZATION_PREFERS_STRING_CATALOGS = YES;
				MTL_ENABLE_DEBUG_INFO = NO;
				MTL_FAST_MATH = YES;
				SDKROOT = iphoneos;
				SWIFT_COMPILATION_MODE = wholemodule;
				VALIDATE_PRODUCT = YES;
				VERSIONING_SYSTEM = "apple-generic";
				VERSION_INFO_PREFIX = "";
			};
			name = Release;
		};
		66E5332E2C1A4ED900255D15 /* Debug */ = {
			isa = XCBuildConfiguration;
			buildSettings = {
				BUILD_LIBRARY_FOR_DISTRIBUTION = YES;
				CODE_SIGN_STYLE = Automatic;
				CURRENT_PROJECT_VERSION = 1;
				DEFINES_MODULE = YES;
				DEVELOPMENT_TEAM = 4PEHUZX8QH;
				DYLIB_COMPATIBILITY_VERSION = 1;
				DYLIB_CURRENT_VERSION = 1;
				DYLIB_INSTALL_NAME_BASE = "@rpath";
				ENABLE_MODULE_VERIFIER = YES;
				GENERATE_INFOPLIST_FILE = YES;
				INFOPLIST_KEY_NSHumanReadableCopyright = "";
				INSTALL_PATH = "$(LOCAL_LIBRARY_DIR)/Frameworks";
				IPHONEOS_DEPLOYMENT_TARGET = 13.0;
				LD_RUNPATH_SEARCH_PATHS = (
					"$(inherited)",
					"@executable_path/Frameworks",
					"@loader_path/Frameworks",
				);
				MARKETING_VERSION = 1.0;
				MODULE_VERIFIER_SUPPORTED_LANGUAGES = "objective-c objective-c++";
				MODULE_VERIFIER_SUPPORTED_LANGUAGE_STANDARDS = "gnu17 gnu++20";
				PRODUCT_BUNDLE_IDENTIFIER = msp.NovaAdapter;
				PRODUCT_NAME = "$(TARGET_NAME:c99extidentifier)";
				SKIP_INSTALL = YES;
				SWIFT_EMIT_LOC_STRINGS = YES;
				SWIFT_INSTALL_OBJC_HEADER = NO;
				SWIFT_VERSION = 5.0;
				TARGETED_DEVICE_FAMILY = "1,2";
			};
			name = Debug;
		};
		66E5332F2C1A4ED900255D15 /* Release */ = {
			isa = XCBuildConfiguration;
			buildSettings = {
				BUILD_LIBRARY_FOR_DISTRIBUTION = YES;
				CODE_SIGN_STYLE = Automatic;
				CURRENT_PROJECT_VERSION = 1;
				DEFINES_MODULE = YES;
				DEVELOPMENT_TEAM = 4PEHUZX8QH;
				DYLIB_COMPATIBILITY_VERSION = 1;
				DYLIB_CURRENT_VERSION = 1;
				DYLIB_INSTALL_NAME_BASE = "@rpath";
				ENABLE_MODULE_VERIFIER = YES;
				GENERATE_INFOPLIST_FILE = YES;
				INFOPLIST_KEY_NSHumanReadableCopyright = "";
				INSTALL_PATH = "$(LOCAL_LIBRARY_DIR)/Frameworks";
				IPHONEOS_DEPLOYMENT_TARGET = 13.0;
				LD_RUNPATH_SEARCH_PATHS = (
					"$(inherited)",
					"@executable_path/Frameworks",
					"@loader_path/Frameworks",
				);
				MARKETING_VERSION = 1.0;
				MODULE_VERIFIER_SUPPORTED_LANGUAGES = "objective-c objective-c++";
				MODULE_VERIFIER_SUPPORTED_LANGUAGE_STANDARDS = "gnu17 gnu++20";
				PRODUCT_BUNDLE_IDENTIFIER = msp.NovaAdapter;
				PRODUCT_NAME = "$(TARGET_NAME:c99extidentifier)";
				SKIP_INSTALL = YES;
				SWIFT_EMIT_LOC_STRINGS = YES;
				SWIFT_INSTALL_OBJC_HEADER = NO;
				SWIFT_VERSION = 5.0;
				TARGETED_DEVICE_FAMILY = "1,2";
			};
			name = Release;
		};
		66E533312C1A4ED900255D15 /* Debug */ = {
			isa = XCBuildConfiguration;
			buildSettings = {
				ALWAYS_EMBED_SWIFT_STANDARD_LIBRARIES = YES;
				CODE_SIGN_STYLE = Automatic;
				CURRENT_PROJECT_VERSION = 1;
				DEVELOPMENT_TEAM = 4PEHUZX8QH;
				GENERATE_INFOPLIST_FILE = YES;
				MARKETING_VERSION = 1.0;
				PRODUCT_BUNDLE_IDENTIFIER = msp.NovaAdapterTests;
				PRODUCT_NAME = "$(TARGET_NAME)";
				SWIFT_EMIT_LOC_STRINGS = NO;
				SWIFT_VERSION = 5.0;
				TARGETED_DEVICE_FAMILY = "1,2";
			};
			name = Debug;
		};
		66E533322C1A4ED900255D15 /* Release */ = {
			isa = XCBuildConfiguration;
			buildSettings = {
				ALWAYS_EMBED_SWIFT_STANDARD_LIBRARIES = YES;
				CODE_SIGN_STYLE = Automatic;
				CURRENT_PROJECT_VERSION = 1;
				DEVELOPMENT_TEAM = 4PEHUZX8QH;
				GENERATE_INFOPLIST_FILE = YES;
				MARKETING_VERSION = 1.0;
				PRODUCT_BUNDLE_IDENTIFIER = msp.NovaAdapterTests;
				PRODUCT_NAME = "$(TARGET_NAME)";
				SWIFT_EMIT_LOC_STRINGS = NO;
				SWIFT_VERSION = 5.0;
				TARGETED_DEVICE_FAMILY = "1,2";
			};
			name = Release;
		};
/* End XCBuildConfiguration section */

/* Begin XCConfigurationList section */
		66E533132C1A4ED800255D15 /* Build configuration list for PBXProject "NovaAdapter" */ = {
			isa = XCConfigurationList;
			buildConfigurations = (
				66E5332B2C1A4ED900255D15 /* Debug */,
				66E5332C2C1A4ED900255D15 /* Release */,
			);
			defaultConfigurationIsVisible = 0;
			defaultConfigurationName = Release;
		};
		66E5332D2C1A4ED900255D15 /* Build configuration list for PBXNativeTarget "NovaAdapter" */ = {
			isa = XCConfigurationList;
			buildConfigurations = (
				66E5332E2C1A4ED900255D15 /* Debug */,
				66E5332F2C1A4ED900255D15 /* Release */,
			);
			defaultConfigurationIsVisible = 0;
			defaultConfigurationName = Release;
		};
		66E533302C1A4ED900255D15 /* Build configuration list for PBXNativeTarget "NovaAdapterTests" */ = {
			isa = XCConfigurationList;
			buildConfigurations = (
				66E533312C1A4ED900255D15 /* Debug */,
				66E533322C1A4ED900255D15 /* Release */,
			);
			defaultConfigurationIsVisible = 0;
			defaultConfigurationName = Release;
		};
/* End XCConfigurationList section */
	};
	rootObject = 66E533102C1A4ED800255D15 /* Project object */;
}
