// !$*UTF8*$!
{
	archiveVersion = 1;
	classes = {
	};
	objectVersion = 77;
	objects = {

/* Begin PBXBuildFile section */
		05B9DE88CC049BCE85FEFBB4 /* ShimmerWrapper in Frameworks */ = {isa = PBXBuildFile; productRef = 893C254868A6BA3EBE252B58 /* ShimmerWrapper */; };
		069FFB3779DF84DF21BED62C /* MintegralAdSDKWrapper in Frameworks */ = {isa = PBXBuildFile; productRef = F845BDFBF15E4708310D8356 /* MintegralAdSDKWrapper */; };
		0A918A7A44AAD8F996A9A328 /* Main.storyboard in Resources */ = {isa = PBXBuildFile; fileRef = 42783941D1AB9C1F69E5002F /* Main.storyboard */; };
		11A962A3908B3F1AEB977F92 /* MSPDemoAppTests.swift in Sources */ = {isa = PBXBuildFile; fileRef = D2EA2F6BCEAF91000B39FA37 /* MSPDemoAppTests.swift */; };
		1434B587C5311FD49C22B6B6 /* UnityAdapter in Frameworks */ = {isa = PBXBuildFile; productRef = 0182E9F363603E34650D4FA1 /* UnityAdapter */; };
		1681CCC9317575732FC2C8A7 /* Colors.swift in Sources */ = {isa = PBXBuildFile; fileRef = 70DF6E8E47E7A89D68BC7CE7 /* Colors.swift */; };
		1A326680E04030F9EDC53AFE /* LaunchScreen.storyboard in Resources */ = {isa = PBXBuildFile; fileRef = C04ED10FC1CB234DA8F0148B /* LaunchScreen.storyboard */; };
		1D7D15C2BA380B4F625417F0 /* IronSourceSDKWrapper in Frameworks */ = {isa = PBXBuildFile; productRef = EFFD6F67A8D9DD271E3C2A0F /* IronSourceSDKWrapper */; };
		30A62A3394AE1E132AB65BBD /* Assets.xcassets in Resources */ = {isa = PBXBuildFile; fileRef = BE92F5F66DFDED73927CCF46 /* Assets.xcassets */; };
		32F617611F5D632E924843CE /* Main.storyboard in Resources */ = {isa = PBXBuildFile; fileRef = 42783941D1AB9C1F69E5002F /* Main.storyboard */; };
		35E6B429BC334B4868C5CA63 /* AppDelegate.swift in Sources */ = {isa = PBXBuildFile; fileRef = 996F387EA1EB70D6655EA6F3 /* AppDelegate.swift */; };
		35EE7FEC36E62F5FA1A794C6 /* NovaCore in Frameworks */ = {isa = PBXBuildFile; productRef = BA9B23A58E43F5F0BEE996C4 /* NovaCore */; };
		42EB5E1867A9951F51643A3E /* MobileFuseSDKWrapper in Frameworks */ = {isa = PBXBuildFile; productRef = 88DD1CE3DC34BFF271D9BEC6 /* MobileFuseSDKWrapper */; };
		44294B7774CC0A00107449D9 /* PubmaticAdapter in Frameworks */ = {isa = PBXBuildFile; productRef = 978A422CCEC10AFA2A8A02B2 /* PubmaticAdapter */; };
		46CB8ECE39687D6B96375CAE /* DemoNativeAdContainer.swift in Sources */ = {isa = PBXBuildFile; fileRef = 0ED128E7AB4E1D10E5181173 /* DemoNativeAdContainer.swift */; };
		491217BD76A09990F6C16163 /* DemoAdViewController.swift in Sources */ = {isa = PBXBuildFile; fileRef = CD6400A65FB55CC3143C0BA8 /* DemoAdViewController.swift */; };
		4C9B23E6B679C4D07CEA3876 /* DemoNativeAdContainer.swift in Sources */ = {isa = PBXBuildFile; fileRef = 0ED128E7AB4E1D10E5181173 /* DemoNativeAdContainer.swift */; };
		4F43840E5B0F0FF7AD949DE1 /* NovaAdapter in Frameworks */ = {isa = PBXBuildFile; productRef = C2BAD4F0E0B1569B461FDD97 /* NovaAdapter */; };
		5060ED6D05B5DB87C61DDE54 /* Assets.xcassets in Resources */ = {isa = PBXBuildFile; fileRef = BE92F5F66DFDED73927CCF46 /* Assets.xcassets */; };
		5CDAC37018C729FEAF2B34B2 /* MSPSharedLibraries in Frameworks */ = {isa = PBXBuildFile; productRef = D69EE3C07EF58C20428348F6 /* MSPSharedLibraries */; };
		63F87CA3205B62AC0248914A /* Colors.swift in Sources */ = {isa = PBXBuildFile; fileRef = 70DF6E8E47E7A89D68BC7CE7 /* Colors.swift */; };
		6D598CD114D69F6BA92B7D68 /* MSPDemoAppUITests.swift in Sources */ = {isa = PBXBuildFile; fileRef = ED930CB34B9159B3F423877E /* MSPDemoAppUITests.swift */; };
		7A2759EB15A1C53ED29BC25A /* InmobiAdapter in Frameworks */ = {isa = PBXBuildFile; productRef = 05CA361568E79AC59F335993 /* InmobiAdapter */; };
		89B37E1B6B13F865B4B3D932 /* ViewController.swift in Sources */ = {isa = PBXBuildFile; fileRef = F405B597DF8A60F0E38BFC66 /* ViewController.swift */; };
		8F0ACD886ACEDDDE9B440E73 /* MobilefuseAdapter in Frameworks */ = {isa = PBXBuildFile; productRef = AD19961253E5CF2EBDE66426 /* MobilefuseAdapter */; };
		998CB321458DD3A818CCEC36 /* InMobiSDKWrapper in Frameworks */ = {isa = PBXBuildFile; productRef = CF0B6BDC3DE98204330B97FA /* InMobiSDKWrapper */; };
		A2B17F80B2E0297D4015669C /* DemoAdViewController.swift in Sources */ = {isa = PBXBuildFile; fileRef = CD6400A65FB55CC3143C0BA8 /* DemoAdViewController.swift */; };
		AC8F3A17AA59C989C770AF64 /* DemoNativeAdViewBinder.swift in Sources */ = {isa = PBXBuildFile; fileRef = 86CA2FD8F7513F8A5A92412C /* DemoNativeAdViewBinder.swift */; };
		BCA60730F343D8AEBE257F03 /* MSPOMSDK in Frameworks */ = {isa = PBXBuildFile; productRef = 59A8D2FD0C54B7F45DBD6099 /* MSPOMSDK */; };
		BDBA9621A0FC5AD0C276F667 /* MSPGoogleAdapter in Frameworks */ = {isa = PBXBuildFile; productRef = CF21BC28449106ABBAA13117 /* MSPGoogleAdapter */; };
		C38292A7D31D4CA282711C3D /* MSPiOSCore in Frameworks */ = {isa = PBXBuildFile; productRef = A464BB25F77583D4B5553B94 /* MSPiOSCore */; };
		C38C51EFA7C7B70E77E2E07C /* DemoNativeAdViewBinder.swift in Sources */ = {isa = PBXBuildFile; fileRef = 86CA2FD8F7513F8A5A92412C /* DemoNativeAdViewBinder.swift */; };
		C8D7141497F4F803DE77D1CA /* MSPDemoAppUITestsLaunchTests.swift in Sources */ = {isa = PBXBuildFile; fileRef = 4B38755BC8D4B0FCDBEFDDDA /* MSPDemoAppUITestsLaunchTests.swift */; };
		CF48C667880F871DDD83C3B0 /* LaunchScreen.storyboard in Resources */ = {isa = PBXBuildFile; fileRef = C04ED10FC1CB234DA8F0148B /* LaunchScreen.storyboard */; };
		D02B5E7C49341458FD2B8CAE /* MintegralAdapter in Frameworks */ = {isa = PBXBuildFile; productRef = 56428D4624ED8FC761CE06BF /* MintegralAdapter */; };
		D3E42EEE3A0EE119E5CBF6B2 /* MSPFacebookAdapter in Frameworks */ = {isa = PBXBuildFile; productRef = D49C675D3894BF3ACB54F3B6 /* MSPFacebookAdapter */; };
		D56BCA972EEF420E9E7D879E /* ViewController.swift in Sources */ = {isa = PBXBuildFile; fileRef = F405B597DF8A60F0E38BFC66 /* ViewController.swift */; };
		DACB0FA8067692B52A80F142 /* MSPCore in Frameworks */ = {isa = PBXBuildFile; productRef = 316BE11DC84EF8A3F89C986C /* MSPCore */; };
		E045A552CF24EDE85C795DCF /* OpenWrapSDKWrapper in Frameworks */ = {isa = PBXBuildFile; productRef = 6C0CDF3F749748051267BD68 /* OpenWrapSDKWrapper */; };
		E8224B811CEF1D3B88BD4F6C /* FBAudienceNetworkWrapper in Frameworks */ = {isa = PBXBuildFile; productRef = 9B89C3C2BFAEDF5A6CD80661 /* FBAudienceNetworkWrapper */; };
		EA96CB7D073383382AE218CA /* PrebidAdapter in Frameworks */ = {isa = PBXBuildFile; productRef = 52CB56450F0F8FA3734EFF38 /* PrebidAdapter */; };
		F215BE9D1D92E81198F0D154 /* SceneDelegate.swift in Sources */ = {isa = PBXBuildFile; fileRef = 5A0A126DB0B7F6A0DFE1BE7A /* SceneDelegate.swift */; };
		F65BA62FDD6DB82112EE7449 /* AppDelegate.swift in Sources */ = {isa = PBXBuildFile; fileRef = 996F387EA1EB70D6655EA6F3 /* AppDelegate.swift */; };
		FEC09ABB38CA2500C4960FCA /* SceneDelegate.swift in Sources */ = {isa = PBXBuildFile; fileRef = 5A0A126DB0B7F6A0DFE1BE7A /* SceneDelegate.swift */; };
/* End PBXBuildFile section */

/* Begin PBXContainerItemProxy section */
		76FF883A30567EAAF6C464B3 /* PBXContainerItemProxy */ = {
			isa = PBXContainerItemProxy;
			containerPortal = DD062685330C5455EE8F5640 /* Project object */;
			proxyType = 1;
			remoteGlobalIDString = 929660A66D39E1B70C8188D1;
			remoteInfo = MSPDemoApp;
		};
		A0E3A40E6A7BC22FC7437D16 /* PBXContainerItemProxy */ = {
			isa = PBXContainerItemProxy;
			containerPortal = DD062685330C5455EE8F5640 /* Project object */;
			proxyType = 1;
			remoteGlobalIDString = 929660A66D39E1B70C8188D1;
			remoteInfo = MSPDemoApp;
		};
/* End PBXContainerItemProxy section */

/* Begin PBXFileReference section */
		053145BD3AEBBDCA458F91A9 /* InMobiSDKWrapper */ = {isa = PBXFileReference; lastKnownFileType = folder; name = InMobiSDKWrapper; path = ../InMobiSDKWrapper; sourceTree = SOURCE_ROOT; };
		063E3B4857FA9526730AA87F /* MSPSharedLibraries */ = {isa = PBXFileReference; lastKnownFileType = folder; name = MSPSharedLibraries; path = ../MSPSharedLibraries; sourceTree = SOURCE_ROOT; };
		08D3867368EAC8AEF9F77E20 /* MSPGoogleAdapter */ = {isa = PBXFileReference; lastKnownFileType = folder; name = MSPGoogleAdapter; path = ../MSPGoogleAdapter; sourceTree = SOURCE_ROOT; };
		0D4515BBC01AA2EBC60BFD70 /* MSPiOSCore */ = {isa = PBXFileReference; lastKnownFileType = folder; name = MSPiOSCore; path = ../MSPiOSCore; sourceTree = SOURCE_ROOT; };
		0ED128E7AB4E1D10E5181173 /* DemoNativeAdContainer.swift */ = {isa = PBXFileReference; lastKnownFileType = sourcecode.swift; path = DemoNativeAdContainer.swift; sourceTree = "<group>"; };
		1863562D00F88F7594E585C3 /* MintegralAdSDKWrapper */ = {isa = PBXFileReference; lastKnownFileType = folder; name = MintegralAdSDKWrapper; path = ../MintegralAdSDKWrapper; sourceTree = SOURCE_ROOT; };
		251CBAB1F4D08C0C5C711C98 /* PubmaticAdapter */ = {isa = PBXFileReference; lastKnownFileType = folder; name = PubmaticAdapter; path = ../PubmaticAdapter; sourceTree = SOURCE_ROOT; };
		25A6111E310535DCAC9A29BE /* MSPFacebookAdapter */ = {isa = PBXFileReference; lastKnownFileType = folder; name = MSPFacebookAdapter; path = ../MSPFacebookAdapter; sourceTree = SOURCE_ROOT; };
		4B38755BC8D4B0FCDBEFDDDA /* MSPDemoAppUITestsLaunchTests.swift */ = {isa = PBXFileReference; lastKnownFileType = sourcecode.swift; path = MSPDemoAppUITestsLaunchTests.swift; sourceTree = "<group>"; };
		526D4D5FFDA81795C09B6B64 /* MSPDemoApp-SPM.app */ = {isa = PBXFileReference; includeInIndex = 0; lastKnownFileType = wrapper.application; path = "MSPDemoApp-SPM.app"; sourceTree = BUILT_PRODUCTS_DIR; };
		535EDBA97761D17F3FEDF959 /* Info.plist */ = {isa = PBXFileReference; lastKnownFileType = text.plist; path = Info.plist; sourceTree = "<group>"; };
		59989F54D54BDB771A356619 /* InmobiAdapter */ = {isa = PBXFileReference; lastKnownFileType = folder; name = InmobiAdapter; path = ../InmobiAdapter; sourceTree = SOURCE_ROOT; };
		5A0A126DB0B7F6A0DFE1BE7A /* SceneDelegate.swift */ = {isa = PBXFileReference; lastKnownFileType = sourcecode.swift; path = SceneDelegate.swift; sourceTree = "<group>"; };
		5C5F890673E42A713DD414DE /* MSPCore */ = {isa = PBXFileReference; lastKnownFileType = folder; name = MSPCore; path = ../MSPCore; sourceTree = SOURCE_ROOT; };
		64F9D3B8F5F17CAF3A74CC26 /* ShimmerWrapper */ = {isa = PBXFileReference; lastKnownFileType = folder; name = ShimmerWrapper; path = ../ShimmerWrapper; sourceTree = SOURCE_ROOT; };
		6CDE798D7027273A2734DCB3 /* MSPDemoAppUITests.xctest */ = {isa = PBXFileReference; includeInIndex = 0; lastKnownFileType = wrapper.cfbundle; path = MSPDemoAppUITests.xctest; sourceTree = BUILT_PRODUCTS_DIR; };
		70DF6E8E47E7A89D68BC7CE7 /* Colors.swift */ = {isa = PBXFileReference; lastKnownFileType = sourcecode.swift; path = Colors.swift; sourceTree = "<group>"; };
		86CA2FD8F7513F8A5A92412C /* DemoNativeAdViewBinder.swift */ = {isa = PBXFileReference; lastKnownFileType = sourcecode.swift; path = DemoNativeAdViewBinder.swift; sourceTree = "<group>"; };
		8B1235EA9CE50004AB5895DF /* MSPDemoApp-Debug-SPM.xcconfig */ = {isa = PBXFileReference; lastKnownFileType = text.xcconfig; path = "MSPDemoApp-Debug-SPM.xcconfig"; sourceTree = "<group>"; };
		996F387EA1EB70D6655EA6F3 /* AppDelegate.swift */ = {isa = PBXFileReference; lastKnownFileType = sourcecode.swift; path = AppDelegate.swift; sourceTree = "<group>"; };
		9A652755DB632EB7AD8DE92A /* IronSourceSDKWrapper */ = {isa = PBXFileReference; lastKnownFileType = folder; name = IronSourceSDKWrapper; path = ../IronSourceSDKWrapper; sourceTree = SOURCE_ROOT; };
		AA3F8D0900548011AE70BFC0 /* MSPOMSDK */ = {isa = PBXFileReference; lastKnownFileType = folder; name = MSPOMSDK; path = ../MSPOMSDK; sourceTree = SOURCE_ROOT; };
		BA66A735835DFFBAB15310A6 /* MintegralAdapter */ = {isa = PBXFileReference; lastKnownFileType = folder; name = MintegralAdapter; path = ../MintegralAdapter; sourceTree = SOURCE_ROOT; };
		BA9486A84A88C617C4EE5C02 /* FBAudienceNetworkWrapper */ = {isa = PBXFileReference; lastKnownFileType = folder; name = FBAudienceNetworkWrapper; path = ../FBAudienceNetworkWrapper; sourceTree = SOURCE_ROOT; };
		BC2DB6948B6839C5C9C1AC04 /* Pods-MSPDemoApp.release.xcconfig */ = {isa = PBXFileReference; lastKnownFileType = text.xcconfig; path = "Pods-MSPDemoApp.release.xcconfig"; sourceTree = "<group>"; };
		BE92F5F66DFDED73927CCF46 /* Assets.xcassets */ = {isa = PBXFileReference; lastKnownFileType = folder.assetcatalog; path = Assets.xcassets; sourceTree = "<group>"; };
		C216C558E466E83AB3E7FB26 /* MSPDemoApp-Release-SPM.xcconfig */ = {isa = PBXFileReference; lastKnownFileType = text.xcconfig; path = "MSPDemoApp-Release-SPM.xcconfig"; sourceTree = "<group>"; };
		C5A2E0C8524337B5AC95FC4D /* Pods-MSPDemoApp.debug.xcconfig */ = {isa = PBXFileReference; lastKnownFileType = text.xcconfig; path = "Pods-MSPDemoApp.debug.xcconfig"; sourceTree = "<group>"; };
		C9CF99B91A5CDF25B31F8B14 /* UnityAdapter */ = {isa = PBXFileReference; lastKnownFileType = folder; name = UnityAdapter; path = ../UnityAdapter; sourceTree = SOURCE_ROOT; };
		CCF751F0B7B6A08B4BEA17E8 /* MobileFuseSDKWrapper */ = {isa = PBXFileReference; lastKnownFileType = folder; name = MobileFuseSDKWrapper; path = ../MobileFuseSDKWrapper; sourceTree = SOURCE_ROOT; };
		CD6400A65FB55CC3143C0BA8 /* DemoAdViewController.swift */ = {isa = PBXFileReference; lastKnownFileType = sourcecode.swift; path = DemoAdViewController.swift; sourceTree = "<group>"; };
		D2EA2F6BCEAF91000B39FA37 /* MSPDemoAppTests.swift */ = {isa = PBXFileReference; lastKnownFileType = sourcecode.swift; path = MSPDemoAppTests.swift; sourceTree = "<group>"; };
		D3860D9E579BECC18BFB5B02 /* Base */ = {isa = PBXFileReference; lastKnownFileType = file.storyboard; name = Base; path = Base.lproj/Main.storyboard; sourceTree = "<group>"; };
		D663F18E4BD5DAB1232B155F /* MSPDemoAppTests.xctest */ = {isa = PBXFileReference; includeInIndex = 0; lastKnownFileType = wrapper.cfbundle; path = MSPDemoAppTests.xctest; sourceTree = BUILT_PRODUCTS_DIR; };
		D96E7805274DBD8F64E9900E /* NovaAdapter */ = {isa = PBXFileReference; lastKnownFileType = folder; name = NovaAdapter; path = ../NovaAdapter; sourceTree = SOURCE_ROOT; };
		DAA28E78CD867C772146EAFD /* NovaCore */ = {isa = PBXFileReference; lastKnownFileType = folder; name = NovaCore; path = ../NovaCore; sourceTree = SOURCE_ROOT; };
		DE63EF4FFC1E0510A6E526BC /* MobilefuseAdapter */ = {isa = PBXFileReference; lastKnownFileType = folder; name = MobilefuseAdapter; path = ../MobilefuseAdapter; sourceTree = SOURCE_ROOT; };
		E578A9572B57C324CC28EFFF /* MSPDemoApp.app */ = {isa = PBXFileReference; includeInIndex = 0; lastKnownFileType = wrapper.application; path = MSPDemoApp.app; sourceTree = BUILT_PRODUCTS_DIR; };
		EAACE79969D571E76819DD7F /* Base */ = {isa = PBXFileReference; lastKnownFileType = file.storyboard; name = Base; path = Base.lproj/LaunchScreen.storyboard; sourceTree = "<group>"; };
		ED930CB34B9159B3F423877E /* MSPDemoAppUITests.swift */ = {isa = PBXFileReference; lastKnownFileType = sourcecode.swift; path = MSPDemoAppUITests.swift; sourceTree = "<group>"; };
		F405B597DF8A60F0E38BFC66 /* ViewController.swift */ = {isa = PBXFileReference; lastKnownFileType = sourcecode.swift; path = ViewController.swift; sourceTree = "<group>"; };
		F9CB7868052958A10ED5B906 /* PrebidAdapter */ = {isa = PBXFileReference; lastKnownFileType = folder; name = PrebidAdapter; path = ../PrebidAdapter; sourceTree = SOURCE_ROOT; };
		FE7AF3134E4657F061B4C821 /* OpenWrapSDKWrapper */ = {isa = PBXFileReference; lastKnownFileType = folder; name = OpenWrapSDKWrapper; path = ../OpenWrapSDKWrapper; sourceTree = SOURCE_ROOT; };
/* End PBXFileReference section */

/* Begin PBXFrameworksBuildPhase section */
		DAF3FF552C063E31EA5EC81D /* Frameworks */ = {
			isa = PBXFrameworksBuildPhase;
			buildActionMask = 2147483647;
			files = (
				DACB0FA8067692B52A80F142 /* MSPCore in Frameworks */,
				4F43840E5B0F0FF7AD949DE1 /* NovaAdapter in Frameworks */,
				EA96CB7D073383382AE218CA /* PrebidAdapter in Frameworks */,
				BDBA9621A0FC5AD0C276F667 /* MSPGoogleAdapter in Frameworks */,
				D3E42EEE3A0EE119E5CBF6B2 /* MSPFacebookAdapter in Frameworks */,
				5CDAC37018C729FEAF2B34B2 /* MSPSharedLibraries in Frameworks */,
				BCA60730F343D8AEBE257F03 /* MSPOMSDK in Frameworks */,
				C38292A7D31D4CA282711C3D /* MSPiOSCore in Frameworks */,
				35EE7FEC36E62F5FA1A794C6 /* NovaCore in Frameworks */,
				05B9DE88CC049BCE85FEFBB4 /* ShimmerWrapper in Frameworks */,
				E8224B811CEF1D3B88BD4F6C /* FBAudienceNetworkWrapper in Frameworks */,
				1D7D15C2BA380B4F625417F0 /* IronSourceSDKWrapper in Frameworks */,
				E045A552CF24EDE85C795DCF /* OpenWrapSDKWrapper in Frameworks */,
				069FFB3779DF84DF21BED62C /* MintegralAdSDKWrapper in Frameworks */,
				42EB5E1867A9951F51643A3E /* MobileFuseSDKWrapper in Frameworks */,
				998CB321458DD3A818CCEC36 /* InMobiSDKWrapper in Frameworks */,
				1434B587C5311FD49C22B6B6 /* UnityAdapter in Frameworks */,
				44294B7774CC0A00107449D9 /* PubmaticAdapter in Frameworks */,
				D02B5E7C49341458FD2B8CAE /* MintegralAdapter in Frameworks */,
				8F0ACD886ACEDDDE9B440E73 /* MobilefuseAdapter in Frameworks */,
				7A2759EB15A1C53ED29BC25A /* InmobiAdapter in Frameworks */,
			);
			runOnlyForDeploymentPostprocessing = 0;
		};
/* End PBXFrameworksBuildPhase section */

/* Begin PBXGroup section */
		36602C5E78333CE0D172EA58 /* Products */ = {
			isa = PBXGroup;
			children = (
				526D4D5FFDA81795C09B6B64 /* MSPDemoApp-SPM.app */,
				E578A9572B57C324CC28EFFF /* MSPDemoApp.app */,
				D663F18E4BD5DAB1232B155F /* MSPDemoAppTests.xctest */,
				6CDE798D7027273A2734DCB3 /* MSPDemoAppUITests.xctest */,
			);
			name = Products;
			sourceTree = "<group>";
		};
		49CC7518F7B899139068F9C2 /* Packages */ = {
			isa = PBXGroup;
			children = (
				BA9486A84A88C617C4EE5C02 /* FBAudienceNetworkWrapper */,
				59989F54D54BDB771A356619 /* InmobiAdapter */,
				053145BD3AEBBDCA458F91A9 /* InMobiSDKWrapper */,
				9A652755DB632EB7AD8DE92A /* IronSourceSDKWrapper */,
				BA66A735835DFFBAB15310A6 /* MintegralAdapter */,
				1863562D00F88F7594E585C3 /* MintegralAdSDKWrapper */,
				DE63EF4FFC1E0510A6E526BC /* MobilefuseAdapter */,
				CCF751F0B7B6A08B4BEA17E8 /* MobileFuseSDKWrapper */,
				5C5F890673E42A713DD414DE /* MSPCore */,
				25A6111E310535DCAC9A29BE /* MSPFacebookAdapter */,
				08D3867368EAC8AEF9F77E20 /* MSPGoogleAdapter */,
				0D4515BBC01AA2EBC60BFD70 /* MSPiOSCore */,
				AA3F8D0900548011AE70BFC0 /* MSPOMSDK */,
				063E3B4857FA9526730AA87F /* MSPSharedLibraries */,
				D96E7805274DBD8F64E9900E /* NovaAdapter */,
				DAA28E78CD867C772146EAFD /* NovaCore */,
				FE7AF3134E4657F061B4C821 /* OpenWrapSDKWrapper */,
				F9CB7868052958A10ED5B906 /* PrebidAdapter */,
				251CBAB1F4D08C0C5C711C98 /* PubmaticAdapter */,
				64F9D3B8F5F17CAF3A74CC26 /* ShimmerWrapper */,
				C9CF99B91A5CDF25B31F8B14 /* UnityAdapter */,
			);
			name = Packages;
			sourceTree = "<group>";
		};
		6870891591A2D15A4FE35214 /* MSPDemoAppTests */ = {
			isa = PBXGroup;
			children = (
				D2EA2F6BCEAF91000B39FA37 /* MSPDemoAppTests.swift */,
			);
			path = MSPDemoAppTests;
			sourceTree = "<group>";
		};
		6E8DB5E31343ACE4B934B96A /* Configs */ = {
			isa = PBXGroup;
			children = (
				8B1235EA9CE50004AB5895DF /* MSPDemoApp-Debug-SPM.xcconfig */,
				C216C558E466E83AB3E7FB26 /* MSPDemoApp-Release-SPM.xcconfig */,
			);
			name = Configs;
			path = ../Configs;
			sourceTree = "<group>";
		};
		752724F323A328E2204B9235 /* MSPDemoApp */ = {
			isa = PBXGroup;
			children = (
				996F387EA1EB70D6655EA6F3 /* AppDelegate.swift */,
				BE92F5F66DFDED73927CCF46 /* Assets.xcassets */,
				70DF6E8E47E7A89D68BC7CE7 /* Colors.swift */,
				535EDBA97761D17F3FEDF959 /* Info.plist */,
				C04ED10FC1CB234DA8F0148B /* LaunchScreen.storyboard */,
				42783941D1AB9C1F69E5002F /* Main.storyboard */,
				5A0A126DB0B7F6A0DFE1BE7A /* SceneDelegate.swift */,
				F405B597DF8A60F0E38BFC66 /* ViewController.swift */,
				DC3EEEE0EC4514B905BCF937 /* DemoViewControllers */,
				B590A2C1BC287784F21D67C7 /* Native */,
			);
			path = MSPDemoApp;
			sourceTree = "<group>";
		};
		80FD3E876256AEB675DDF1A7 /* Pods-MSPDemoApp */ = {
			isa = PBXGroup;
			children = (
				C5A2E0C8524337B5AC95FC4D /* Pods-MSPDemoApp.debug.xcconfig */,
				BC2DB6948B6839C5C9C1AC04 /* Pods-MSPDemoApp.release.xcconfig */,
			);
			name = "Pods-MSPDemoApp";
			path = "../Pods/Target Support Files/Pods-MSPDemoApp";
			sourceTree = "<group>";
		};
		881A2012174FCE7025D6E9E9 = {
			isa = PBXGroup;
			children = (
				6E8DB5E31343ACE4B934B96A /* Configs */,
				752724F323A328E2204B9235 /* MSPDemoApp */,
				6870891591A2D15A4FE35214 /* MSPDemoAppTests */,
				F9A15B27BF2A4F4575D5A761 /* MSPDemoAppUITests */,
				49CC7518F7B899139068F9C2 /* Packages */,
				80FD3E876256AEB675DDF1A7 /* Pods-MSPDemoApp */,
				36602C5E78333CE0D172EA58 /* Products */,
			);
			sourceTree = "<group>";
		};
		B590A2C1BC287784F21D67C7 /* Native */ = {
			isa = PBXGroup;
			children = (
				0ED128E7AB4E1D10E5181173 /* DemoNativeAdContainer.swift */,
				86CA2FD8F7513F8A5A92412C /* DemoNativeAdViewBinder.swift */,
			);
			path = Native;
			sourceTree = "<group>";
		};
		DC3EEEE0EC4514B905BCF937 /* DemoViewControllers */ = {
			isa = PBXGroup;
			children = (
				CD6400A65FB55CC3143C0BA8 /* DemoAdViewController.swift */,
			);
			path = DemoViewControllers;
			sourceTree = "<group>";
		};
		F9A15B27BF2A4F4575D5A761 /* MSPDemoAppUITests */ = {
			isa = PBXGroup;
			children = (
				ED930CB34B9159B3F423877E /* MSPDemoAppUITests.swift */,
				4B38755BC8D4B0FCDBEFDDDA /* MSPDemoAppUITestsLaunchTests.swift */,
			);
			path = MSPDemoAppUITests;
			sourceTree = "<group>";
		};
/* End PBXGroup section */

/* Begin PBXNativeTarget section */
		394DFE906120027A13C25FB6 /* MSPDemoApp-SPM */ = {
			isa = PBXNativeTarget;
			buildConfigurationList = FE5F85A518D6E197C1417A31 /* Build configuration list for PBXNativeTarget "MSPDemoApp-SPM" */;
			buildPhases = (
				E97FD329A3BFDFC8E46C9A4E /* Sources */,
				98F9B55DA6314BCF84AB0495 /* Resources */,
				DAF3FF552C063E31EA5EC81D /* Frameworks */,
			);
			buildRules = (
			);
			dependencies = (
			);
			name = "MSPDemoApp-SPM";
			packageProductDependencies = (
				316BE11DC84EF8A3F89C986C /* MSPCore */,
				C2BAD4F0E0B1569B461FDD97 /* NovaAdapter */,
				52CB56450F0F8FA3734EFF38 /* PrebidAdapter */,
				CF21BC28449106ABBAA13117 /* MSPGoogleAdapter */,
				D49C675D3894BF3ACB54F3B6 /* MSPFacebookAdapter */,
				D69EE3C07EF58C20428348F6 /* MSPSharedLibraries */,
				59A8D2FD0C54B7F45DBD6099 /* MSPOMSDK */,
				A464BB25F77583D4B5553B94 /* MSPiOSCore */,
				BA9B23A58E43F5F0BEE996C4 /* NovaCore */,
				893C254868A6BA3EBE252B58 /* ShimmerWrapper */,
				9B89C3C2BFAEDF5A6CD80661 /* FBAudienceNetworkWrapper */,
				EFFD6F67A8D9DD271E3C2A0F /* IronSourceSDKWrapper */,
				6C0CDF3F749748051267BD68 /* OpenWrapSDKWrapper */,
				F845BDFBF15E4708310D8356 /* MintegralAdSDKWrapper */,
				88DD1CE3DC34BFF271D9BEC6 /* MobileFuseSDKWrapper */,
				CF0B6BDC3DE98204330B97FA /* InMobiSDKWrapper */,
				0182E9F363603E34650D4FA1 /* UnityAdapter */,
				978A422CCEC10AFA2A8A02B2 /* PubmaticAdapter */,
				56428D4624ED8FC761CE06BF /* MintegralAdapter */,
				AD19961253E5CF2EBDE66426 /* MobilefuseAdapter */,
				05CA361568E79AC59F335993 /* InmobiAdapter */,
			);
			productName = "MSPDemoApp-SPM";
			productReference = 526D4D5FFDA81795C09B6B64 /* MSPDemoApp-SPM.app */;
			productType = "com.apple.product-type.application";
		};
		3B39426B8673CE9EE4A585B4 /* MSPDemoAppUITests */ = {
			isa = PBXNativeTarget;
			buildConfigurationList = 6F57054FDDB51C998738F5A0 /* Build configuration list for PBXNativeTarget "MSPDemoAppUITests" */;
			buildPhases = (
				E0C923AD30EE92AE434FE7F4 /* Sources */,
			);
			buildRules = (
			);
			dependencies = (
				B4337266A2D96FAA6F259950 /* PBXTargetDependency */,
			);
			name = MSPDemoAppUITests;
			packageProductDependencies = (
			);
			productName = MSPDemoAppUITests;
			productReference = 6CDE798D7027273A2734DCB3 /* MSPDemoAppUITests.xctest */;
			productType = "com.apple.product-type.bundle.ui-testing";
		};
		929660A66D39E1B70C8188D1 /* MSPDemoApp */ = {
			isa = PBXNativeTarget;
			buildConfigurationList = 09B5C51426A519DB206BEC42 /* Build configuration list for PBXNativeTarget "MSPDemoApp" */;
			buildPhases = (
				F01ABE1F9BFEACF47883B023 /* [CP] Check Pods Manifest.lock */,
				6515CDF9ABBE4C06596AB015 /* Sources */,
				2EBC27C73A73796C79722CE6 /* Resources */,
				401EC16C0BD598BAD06518D4 /* [CP] Embed Pods Frameworks */,
				FB0A8983F98AF34A854B5C89 /* [CP] Copy Pods Resources */,
			);
			buildRules = (
			);
			dependencies = (
			);
			name = MSPDemoApp;
			packageProductDependencies = (
			);
			productName = MSPDemoApp;
			productReference = E578A9572B57C324CC28EFFF /* MSPDemoApp.app */;
			productType = "com.apple.product-type.application";
		};
		F6673E356D4C78BE69305E4A /* MSPDemoAppTests */ = {
			isa = PBXNativeTarget;
			buildConfigurationList = 17D0709B0CB331A4ABB65A54 /* Build configuration list for PBXNativeTarget "MSPDemoAppTests" */;
			buildPhases = (
				E6F6A55B17D083D20FA9790C /* Sources */,
			);
			buildRules = (
			);
			dependencies = (
				3207527D23BBE1913D2DDDD0 /* PBXTargetDependency */,
			);
			name = MSPDemoAppTests;
			packageProductDependencies = (
			);
			productName = MSPDemoAppTests;
			productReference = D663F18E4BD5DAB1232B155F /* MSPDemoAppTests.xctest */;
			productType = "com.apple.product-type.bundle.unit-test";
		};
/* End PBXNativeTarget section */

/* Begin PBXProject section */
		DD062685330C5455EE8F5640 /* Project object */ = {
			isa = PBXProject;
			attributes = {
				BuildIndependentTargetsInParallel = YES;
				LastUpgradeCheck = 1430;
				TargetAttributes = {
					394DFE906120027A13C25FB6 = {
						DevelopmentTeam = 4PEHUZX8QH;
					};
					3B39426B8673CE9EE4A585B4 = {
						DevelopmentTeam = 4PEHUZX8QH;
						TestTargetID = 929660A66D39E1B70C8188D1;
					};
					929660A66D39E1B70C8188D1 = {
						DevelopmentTeam = 4PEHUZX8QH;
					};
					F6673E356D4C78BE69305E4A = {
						DevelopmentTeam = 4PEHUZX8QH;
					};
				};
			};
			buildConfigurationList = 719159FC28A600CAAE17CF43 /* Build configuration list for PBXProject "MSPDemoApp" */;
			compatibilityVersion = "Xcode 14.0";
			developmentRegion = en;
			hasScannedForEncodings = 0;
			knownRegions = (
				Base,
				en,
			);
			mainGroup = 881A2012174FCE7025D6E9E9;
			minimizedProjectReferenceProxies = 1;
			packageReferences = (
				00F357E0F5D8916CB9620CFF /* XCLocalSwiftPackageReference "../FBAudienceNetworkWrapper" */,
				3700C60A0ACA66F887EB0C96 /* XCLocalSwiftPackageReference "../InMobiSDKWrapper" */,
				68E365D25AB495CCFAB84369 /* XCLocalSwiftPackageReference "../InmobiAdapter" */,
				92136324C556F54991ED4B56 /* XCLocalSwiftPackageReference "../IronSourceSDKWrapper" */,
				9D737C4B5FF042AB2258C530 /* XCLocalSwiftPackageReference "../MSPCore" */,
				8167D38F268956F16134AF3F /* XCLocalSwiftPackageReference "../MSPFacebookAdapter" */,
				E877056EA32EF1667C7EC5C7 /* XCLocalSwiftPackageReference "../MSPGoogleAdapter" */,
				F611A477DB1529D44EA6ED7B /* XCLocalSwiftPackageReference "../MSPOMSDK" */,
				A9C165F276BE0E1265DCC8C9 /* XCLocalSwiftPackageReference "../MSPSharedLibraries" */,
				2DFB51DF535A7920F2240BD4 /* XCLocalSwiftPackageReference "../MSPiOSCore" */,
				070FBB33BBA9DC028646E9EB /* XCLocalSwiftPackageReference "../MintegralAdSDKWrapper" */,
				D595268A1CD69130016AB4DB /* XCLocalSwiftPackageReference "../MintegralAdapter" */,
				0F054735417B0D4CEB51533F /* XCLocalSwiftPackageReference "../MobileFuseSDKWrapper" */,
				A5BD9EB31EB02801204EE163 /* XCLocalSwiftPackageReference "../MobilefuseAdapter" */,
				3EA082F1DEBAF6A19D8E7D0A /* XCLocalSwiftPackageReference "../NovaAdapter" */,
				8127839665E0C1512C656AC2 /* XCLocalSwiftPackageReference "../NovaCore" */,
				120C8A47B467D39971B57DBD /* XCLocalSwiftPackageReference "../OpenWrapSDKWrapper" */,
				6117C4698FE437D81B690A25 /* XCLocalSwiftPackageReference "../PrebidAdapter" */,
				1FB9E0AF87E23AB0B3CF7171 /* XCLocalSwiftPackageReference "../PubmaticAdapter" */,
				B2E11F35A10F1760B361B54E /* XCLocalSwiftPackageReference "../ShimmerWrapper" */,
				B23C2A4CE7ABF2A7C2CBA597 /* XCLocalSwiftPackageReference "../UnityAdapter" */,
			);
			preferredProjectObjectVersion = 77;
			projectDirPath = "";
			projectRoot = "";
			targets = (
				929660A66D39E1B70C8188D1 /* MSPDemoApp */,
				394DFE906120027A13C25FB6 /* MSPDemoApp-SPM */,
				F6673E356D4C78BE69305E4A /* MSPDemoAppTests */,
				3B39426B8673CE9EE4A585B4 /* MSPDemoAppUITests */,
			);
		};
/* End PBXProject section */

/* Begin PBXResourcesBuildPhase section */
		2EBC27C73A73796C79722CE6 /* Resources */ = {
			isa = PBXResourcesBuildPhase;
			buildActionMask = 2147483647;
			files = (
				5060ED6D05B5DB87C61DDE54 /* Assets.xcassets in Resources */,
				1A326680E04030F9EDC53AFE /* LaunchScreen.storyboard in Resources */,
				0A918A7A44AAD8F996A9A328 /* Main.storyboard in Resources */,
			);
			runOnlyForDeploymentPostprocessing = 0;
		};
		98F9B55DA6314BCF84AB0495 /* Resources */ = {
			isa = PBXResourcesBuildPhase;
			buildActionMask = 2147483647;
			files = (
				30A62A3394AE1E132AB65BBD /* Assets.xcassets in Resources */,
				CF48C667880F871DDD83C3B0 /* LaunchScreen.storyboard in Resources */,
				32F617611F5D632E924843CE /* Main.storyboard in Resources */,
			);
			runOnlyForDeploymentPostprocessing = 0;
		};
/* End PBXResourcesBuildPhase section */

/* Begin PBXShellScriptBuildPhase section */
		401EC16C0BD598BAD06518D4 /* [CP] Embed Pods Frameworks */ = {
			isa = PBXShellScriptBuildPhase;
			buildActionMask = 2147483647;
			files = (
			);
			inputFileListPaths = (
			);
			inputPaths = (
			);
			name = "[CP] Embed Pods Frameworks";
			outputFileListPaths = (
			);
			outputPaths = (
			);
			runOnlyForDeploymentPostprocessing = 0;
			shellPath = /bin/sh;
			shellScript = "\"${PODS_ROOT}/Target Support Files/Pods-MSPDemoApp/Pods-MSPDemoApp-frameworks.sh\"";
		};
		F01ABE1F9BFEACF47883B023 /* [CP] Check Pods Manifest.lock */ = {
			isa = PBXShellScriptBuildPhase;
			buildActionMask = 2147483647;
			files = (
			);
			inputFileListPaths = (
			);
			inputPaths = (
			);
			name = "[CP] Check Pods Manifest.lock";
			outputFileListPaths = (
			);
			outputPaths = (
			);
			runOnlyForDeploymentPostprocessing = 0;
			shellPath = /bin/sh;
			shellScript = "if [ -z \"${PODS_PODFILE_DIR_PATH}\" ] || [ -z \"${PODS_ROOT}\" ]; then\n  echo \"error: CocoaPods environment variables are not set.\" >&2\n  exit 1\nfi\nif [ ! -e \"${PODS_ROOT}/Manifest.lock\" ] || [ ! -e \"${PODS_PODFILE_DIR_PATH}/Podfile.lock\" ]; then\n  echo \"error: Run 'pod install' to generate Pods/Manifest.lock.\" >&2\n  exit 1\nfi\nif ! diff \"${PODS_PODFILE_DIR_PATH}/Podfile.lock\" \"${PODS_ROOT}/Manifest.lock\" >/dev/null; then\n  echo \"error: Podfile.lock and Manifest.lock are out of sync. Run 'pod install'.\" >&2\n  exit 1\nfi\n";
		};
		FB0A8983F98AF34A854B5C89 /* [CP] Copy Pods Resources */ = {
			isa = PBXShellScriptBuildPhase;
			buildActionMask = 2147483647;
			files = (
			);
			inputFileListPaths = (
			);
			inputPaths = (
			);
			name = "[CP] Copy Pods Resources";
			outputFileListPaths = (
			);
			outputPaths = (
			);
			runOnlyForDeploymentPostprocessing = 0;
			shellPath = /bin/sh;
			shellScript = "\"${PODS_ROOT}/Target Support Files/Pods-MSPDemoApp/Pods-MSPDemoApp-resources.sh\"";
		};
/* End PBXShellScriptBuildPhase section */

/* Begin PBXSourcesBuildPhase section */
		6515CDF9ABBE4C06596AB015 /* Sources */ = {
			isa = PBXSourcesBuildPhase;
			buildActionMask = 2147483647;
			files = (
				F65BA62FDD6DB82112EE7449 /* AppDelegate.swift in Sources */,
				1681CCC9317575732FC2C8A7 /* Colors.swift in Sources */,
				A2B17F80B2E0297D4015669C /* DemoAdViewController.swift in Sources */,
				46CB8ECE39687D6B96375CAE /* DemoNativeAdContainer.swift in Sources */,
				C38C51EFA7C7B70E77E2E07C /* DemoNativeAdViewBinder.swift in Sources */,
				FEC09ABB38CA2500C4960FCA /* SceneDelegate.swift in Sources */,
				89B37E1B6B13F865B4B3D932 /* ViewController.swift in Sources */,
			);
			runOnlyForDeploymentPostprocessing = 0;
		};
		E0C923AD30EE92AE434FE7F4 /* Sources */ = {
			isa = PBXSourcesBuildPhase;
			buildActionMask = 2147483647;
			files = (
				6D598CD114D69F6BA92B7D68 /* MSPDemoAppUITests.swift in Sources */,
				C8D7141497F4F803DE77D1CA /* MSPDemoAppUITestsLaunchTests.swift in Sources */,
			);
			runOnlyForDeploymentPostprocessing = 0;
		};
		E6F6A55B17D083D20FA9790C /* Sources */ = {
			isa = PBXSourcesBuildPhase;
			buildActionMask = 2147483647;
			files = (
				11A962A3908B3F1AEB977F92 /* MSPDemoAppTests.swift in Sources */,
			);
			runOnlyForDeploymentPostprocessing = 0;
		};
		E97FD329A3BFDFC8E46C9A4E /* Sources */ = {
			isa = PBXSourcesBuildPhase;
			buildActionMask = 2147483647;
			files = (
				35E6B429BC334B4868C5CA63 /* AppDelegate.swift in Sources */,
				63F87CA3205B62AC0248914A /* Colors.swift in Sources */,
				491217BD76A09990F6C16163 /* DemoAdViewController.swift in Sources */,
				4C9B23E6B679C4D07CEA3876 /* DemoNativeAdContainer.swift in Sources */,
				AC8F3A17AA59C989C770AF64 /* DemoNativeAdViewBinder.swift in Sources */,
				F215BE9D1D92E81198F0D154 /* SceneDelegate.swift in Sources */,
				D56BCA972EEF420E9E7D879E /* ViewController.swift in Sources */,
			);
			runOnlyForDeploymentPostprocessing = 0;
		};
/* End PBXSourcesBuildPhase section */

/* Begin PBXTargetDependency section */
		3207527D23BBE1913D2DDDD0 /* PBXTargetDependency */ = {
			isa = PBXTargetDependency;
			target = 929660A66D39E1B70C8188D1 /* MSPDemoApp */;
			targetProxy = A0E3A40E6A7BC22FC7437D16 /* PBXContainerItemProxy */;
		};
		B4337266A2D96FAA6F259950 /* PBXTargetDependency */ = {
			isa = PBXTargetDependency;
			target = 929660A66D39E1B70C8188D1 /* MSPDemoApp */;
			targetProxy = 76FF883A30567EAAF6C464B3 /* PBXContainerItemProxy */;
		};
/* End PBXTargetDependency section */

/* Begin PBXVariantGroup section */
		42783941D1AB9C1F69E5002F /* Main.storyboard */ = {
			isa = PBXVariantGroup;
			children = (
				D3860D9E579BECC18BFB5B02 /* Base */,
			);
			name = Main.storyboard;
			sourceTree = "<group>";
		};
		C04ED10FC1CB234DA8F0148B /* LaunchScreen.storyboard */ = {
			isa = PBXVariantGroup;
			children = (
				EAACE79969D571E76819DD7F /* Base */,
			);
			name = LaunchScreen.storyboard;
			sourceTree = "<group>";
		};
/* End PBXVariantGroup section */

/* Begin XCBuildConfiguration section */
		0BC9FC25680D714E3971A395 /* Debug */ = {
			isa = XCBuildConfiguration;
			buildSettings = {
				ALWAYS_EMBED_SWIFT_STANDARD_LIBRARIES = YES;
				BUNDLE_LOADER = "$(TEST_HOST)";
				LD_RUNPATH_SEARCH_PATHS = (
					"$(inherited)",
					"@executable_path/Frameworks",
					"@loader_path/Frameworks",
				);
				SDKROOT = iphoneos;
				TARGETED_DEVICE_FAMILY = "1,2";
				TEST_HOST = "$(BUILT_PRODUCTS_DIR)/MSPDemoApp.app/$(BUNDLE_EXECUTABLE_FOLDER_PATH)/MSPDemoApp";
			};
			name = Debug;
		};
		0D43AA0D172CD62850F5DF93 /* Debug */ = {
			isa = XCBuildConfiguration;
			baseConfigurationReference = C5A2E0C8524337B5AC95FC4D /* Pods-MSPDemoApp.debug.xcconfig */;
			buildSettings = {
				ASSETCATALOG_COMPILER_APPICON_NAME = AppIcon;
				ASSETCATALOG_COMPILER_GLOBAL_ACCENT_COLOR_NAME = AccentColor;
				CODE_SIGN_IDENTITY = "iPhone Developer";
				INFOPLIST_FILE = MSPDemoApp/Info.plist;
				LD_RUNPATH_SEARCH_PATHS = (
					"$(inherited)",
					"@executable_path/Frameworks",
				);
				PODS_ROOT = "$(SRCROOT)/../Pods";
				SDKROOT = iphoneos;
				SWIFT_VERSION = 5.0;
				TARGETED_DEVICE_FAMILY = "1,2";
			};
			name = Debug;
		};
		34BA41F4A07AE7277CDF337C /* Release */ = {
			isa = XCBuildConfiguration;
			baseConfigurationReference = C216C558E466E83AB3E7FB26 /* MSPDemoApp-Release-SPM.xcconfig */;
			buildSettings = {
				ASSETCATALOG_COMPILER_APPICON_NAME = AppIcon;
				ASSETCATALOG_COMPILER_GLOBAL_ACCENT_COLOR_NAME = AccentColor;
				CODE_SIGN_IDENTITY = "iPhone Developer";
				INFOPLIST_FILE = MSPDemoApp/Info.plist;
				LD_RUNPATH_SEARCH_PATHS = (
					"$(inherited)",
					"@executable_path/Frameworks",
				);
				PODS_ROOT = "$(SRCROOT)/../Pods";
				PRODUCT_BUNDLE_IDENTIFIER = MSPDemoApp.MSPDemoAppSPM;
				SDKROOT = iphoneos;
				SWIFT_VERSION = 5.0;
				TARGETED_DEVICE_FAMILY = "1,2";
			};
			name = Release;
		};
		5A7F9DBF6242D5A554ADB108 /* Debug */ = {
			isa = XCBuildConfiguration;
			buildSettings = {
				ALWAYS_EMBED_SWIFT_STANDARD_LIBRARIES = YES;
				BUNDLE_LOADER = "$(TEST_HOST)";
				LD_RUNPATH_SEARCH_PATHS = (
					"$(inherited)",
					"@executable_path/Frameworks",
					"@loader_path/Frameworks",
				);
				SDKROOT = iphoneos;
				TARGETED_DEVICE_FAMILY = "1,2";
				TEST_TARGET_NAME = MSPDemoApp;
			};
			name = Debug;
		};
		65841C2B5F18EE43F8335483 /* Debug */ = {
			isa = XCBuildConfiguration;
			buildSettings = {
				ALWAYS_SEARCH_USER_PATHS = NO;
				CLANG_ANALYZER_NONNULL = YES;
				CLANG_ANALYZER_NUMBER_OBJECT_CONVERSION = YES_AGGRESSIVE;
				CLANG_CXX_LANGUAGE_STANDARD = "gnu++14";
				CLANG_CXX_LIBRARY = "libc++";
				CLANG_ENABLE_MODULES = YES;
				CLANG_ENABLE_OBJC_ARC = YES;
				CLANG_ENABLE_OBJC_WEAK = YES;
				CLANG_WARN_BLOCK_CAPTURE_AUTORELEASING = YES;
				CLANG_WARN_BOOL_CONVERSION = YES;
				CLANG_WARN_COMMA = YES;
				CLANG_WARN_CONSTANT_CONVERSION = YES;
				CLANG_WARN_DEPRECATED_OBJC_IMPLEMENTATIONS = YES;
				CLANG_WARN_DIRECT_OBJC_ISA_USAGE = YES_ERROR;
				CLANG_WARN_DOCUMENTATION_COMMENTS = YES;
				CLANG_WARN_EMPTY_BODY = YES;
				CLANG_WARN_ENUM_CONVERSION = YES;
				CLANG_WARN_INFINITE_RECURSION = YES;
				CLANG_WARN_INT_CONVERSION = YES;
				CLANG_WARN_NON_LITERAL_NULL_CONVERSION = YES;
				CLANG_WARN_OBJC_IMPLICIT_RETAIN_SELF = YES;
				CLANG_WARN_OBJC_LITERAL_CONVERSION = YES;
				CLANG_WARN_OBJC_ROOT_CLASS = YES_ERROR;
				CLANG_WARN_QUOTED_INCLUDE_IN_FRAMEWORK_HEADER = YES;
				CLANG_WARN_RANGE_LOOP_ANALYSIS = YES;
				CLANG_WARN_STRICT_PROTOTYPES = YES;
				CLANG_WARN_SUSPICIOUS_MOVE = YES;
				CLANG_WARN_UNGUARDED_AVAILABILITY = YES_AGGRESSIVE;
				CLANG_WARN_UNREACHABLE_CODE = YES;
				CLANG_WARN__DUPLICATE_METHOD_MATCH = YES;
				COPY_PHASE_STRIP = NO;
				CURRENT_PROJECT_VERSION = 1;
				DEBUG_INFORMATION_FORMAT = dwarf;
				DEVELOPMENT_TEAM = 4PEHUZX8QH;
				ENABLE_STRICT_OBJC_MSGSEND = YES;
				ENABLE_TESTABILITY = YES;
				GCC_C_LANGUAGE_STANDARD = gnu11;
				GCC_DYNAMIC_NO_PIC = NO;
				GCC_NO_COMMON_BLOCKS = YES;
				GCC_OPTIMIZATION_LEVEL = 0;
				GCC_PREPROCESSOR_DEFINITIONS = (
					"$(inherited)",
					"DEBUG=1",
				);
				GCC_WARN_64_TO_32_BIT_CONVERSION = YES;
				GCC_WARN_ABOUT_RETURN_TYPE = YES_ERROR;
				GCC_WARN_UNDECLARED_SELECTOR = YES;
				GCC_WARN_UNINITIALIZED_AUTOS = YES_AGGRESSIVE;
				GCC_WARN_UNUSED_FUNCTION = YES;
				GCC_WARN_UNUSED_VARIABLE = YES;
				INFOPLIST_FILE = MSPDemoApp/Info.plist;
				IPHONEOS_DEPLOYMENT_TARGET = 15.0;
				MARKETING_VERSION = 0.0.117;
				MTL_ENABLE_DEBUG_INFO = INCLUDE_SOURCE;
				MTL_FAST_MATH = YES;
				ONLY_ACTIVE_ARCH = YES;
				PRODUCT_BUNDLE_IDENTIFIER = MSPDemoApp.MSPDemoApp;
				PRODUCT_NAME = "$(TARGET_NAME)";
				SDKROOT = iphoneos;
				SWIFT_ACTIVE_COMPILATION_CONDITIONS = DEBUG;
				SWIFT_OPTIMIZATION_LEVEL = "-Onone";
				SWIFT_VERSION = 5.0;
				TARGETED_DEVICE_FAMILY = "1,2";
			};
			name = Debug;
		};
		739CF94AE795D86ED70E5BDB /* Debug */ = {
			isa = XCBuildConfiguration;
			baseConfigurationReference = 8B1235EA9CE50004AB5895DF /* MSPDemoApp-Debug-SPM.xcconfig */;
			buildSettings = {
				ASSETCATALOG_COMPILER_APPICON_NAME = AppIcon;
				ASSETCATALOG_COMPILER_GLOBAL_ACCENT_COLOR_NAME = AccentColor;
				CODE_SIGN_IDENTITY = "iPhone Developer";
				INFOPLIST_FILE = MSPDemoApp/Info.plist;
				LD_RUNPATH_SEARCH_PATHS = (
					"$(inherited)",
					"@executable_path/Frameworks",
				);
				PODS_ROOT = "$(SRCROOT)/../Pods";
				PRODUCT_BUNDLE_IDENTIFIER = MSPDemoApp.MSPDemoAppSPM;
				SDKROOT = iphoneos;
				SWIFT_VERSION = 5.0;
				TARGETED_DEVICE_FAMILY = "1,2";
			};
			name = Debug;
		};
		7EB8EC6002A0E6D5E6BEFB71 /* Release */ = {
			isa = XCBuildConfiguration;
			baseConfigurationReference = BC2DB6948B6839C5C9C1AC04 /* Pods-MSPDemoApp.release.xcconfig */;
			buildSettings = {
				ASSETCATALOG_COMPILER_APPICON_NAME = AppIcon;
				ASSETCATALOG_COMPILER_GLOBAL_ACCENT_COLOR_NAME = AccentColor;
				CODE_SIGN_IDENTITY = "iPhone Developer";
				INFOPLIST_FILE = MSPDemoApp/Info.plist;
				LD_RUNPATH_SEARCH_PATHS = (
					"$(inherited)",
					"@executable_path/Frameworks",
				);
				PODS_ROOT = "$(SRCROOT)/../Pods";
				SDKROOT = iphoneos;
				SWIFT_VERSION = 5.0;
				TARGETED_DEVICE_FAMILY = "1,2";
			};
			name = Release;
		};
		9EE78267466BA0BAB006F348 /* Release */ = {
			isa = XCBuildConfiguration;
			buildSettings = {
				ALWAYS_EMBED_SWIFT_STANDARD_LIBRARIES = YES;
				BUNDLE_LOADER = "$(TEST_HOST)";
				LD_RUNPATH_SEARCH_PATHS = (
					"$(inherited)",
					"@executable_path/Frameworks",
					"@loader_path/Frameworks",
				);
				SDKROOT = iphoneos;
				TARGETED_DEVICE_FAMILY = "1,2";
				TEST_HOST = "$(BUILT_PRODUCTS_DIR)/MSPDemoApp.app/$(BUNDLE_EXECUTABLE_FOLDER_PATH)/MSPDemoApp";
			};
			name = Release;
		};
		A5F23192C9BE673A5B3716CF /* Release */ = {
			isa = XCBuildConfiguration;
			buildSettings = {
				ALWAYS_EMBED_SWIFT_STANDARD_LIBRARIES = YES;
				BUNDLE_LOADER = "$(TEST_HOST)";
				LD_RUNPATH_SEARCH_PATHS = (
					"$(inherited)",
					"@executable_path/Frameworks",
					"@loader_path/Frameworks",
				);
				SDKROOT = iphoneos;
				TARGETED_DEVICE_FAMILY = "1,2";
				TEST_TARGET_NAME = MSPDemoApp;
			};
			name = Release;
		};
		C144155A27B1051CE0061A44 /* Release */ = {
			isa = XCBuildConfiguration;
			buildSettings = {
				ALWAYS_SEARCH_USER_PATHS = NO;
				CLANG_ANALYZER_NONNULL = YES;
				CLANG_ANALYZER_NUMBER_OBJECT_CONVERSION = YES_AGGRESSIVE;
				CLANG_CXX_LANGUAGE_STANDARD = "gnu++14";
				CLANG_CXX_LIBRARY = "libc++";
				CLANG_ENABLE_MODULES = YES;
				CLANG_ENABLE_OBJC_ARC = YES;
				CLANG_ENABLE_OBJC_WEAK = YES;
				CLANG_WARN_BLOCK_CAPTURE_AUTORELEASING = YES;
				CLANG_WARN_BOOL_CONVERSION = YES;
				CLANG_WARN_COMMA = YES;
				CLANG_WARN_CONSTANT_CONVERSION = YES;
				CLANG_WARN_DEPRECATED_OBJC_IMPLEMENTATIONS = YES;
				CLANG_WARN_DIRECT_OBJC_ISA_USAGE = YES_ERROR;
				CLANG_WARN_DOCUMENTATION_COMMENTS = YES;
				CLANG_WARN_EMPTY_BODY = YES;
				CLANG_WARN_ENUM_CONVERSION = YES;
				CLANG_WARN_INFINITE_RECURSION = YES;
				CLANG_WARN_INT_CONVERSION = YES;
				CLANG_WARN_NON_LITERAL_NULL_CONVERSION = YES;
				CLANG_WARN_OBJC_IMPLICIT_RETAIN_SELF = YES;
				CLANG_WARN_OBJC_LITERAL_CONVERSION = YES;
				CLANG_WARN_OBJC_ROOT_CLASS = YES_ERROR;
				CLANG_WARN_QUOTED_INCLUDE_IN_FRAMEWORK_HEADER = YES;
				CLANG_WARN_RANGE_LOOP_ANALYSIS = YES;
				CLANG_WARN_STRICT_PROTOTYPES = YES;
				CLANG_WARN_SUSPICIOUS_MOVE = YES;
				CLANG_WARN_UNGUARDED_AVAILABILITY = YES_AGGRESSIVE;
				CLANG_WARN_UNREACHABLE_CODE = YES;
				CLANG_WARN__DUPLICATE_METHOD_MATCH = YES;
				COPY_PHASE_STRIP = NO;
				CURRENT_PROJECT_VERSION = 1;
				DEBUG_INFORMATION_FORMAT = "dwarf-with-dsym";
				DEVELOPMENT_TEAM = 4PEHUZX8QH;
				ENABLE_NS_ASSERTIONS = NO;
				ENABLE_STRICT_OBJC_MSGSEND = YES;
				GCC_C_LANGUAGE_STANDARD = gnu11;
				GCC_NO_COMMON_BLOCKS = YES;
				GCC_WARN_64_TO_32_BIT_CONVERSION = YES;
				GCC_WARN_ABOUT_RETURN_TYPE = YES_ERROR;
				GCC_WARN_UNDECLARED_SELECTOR = YES;
				GCC_WARN_UNINITIALIZED_AUTOS = YES_AGGRESSIVE;
				GCC_WARN_UNUSED_FUNCTION = YES;
				GCC_WARN_UNUSED_VARIABLE = YES;
				INFOPLIST_FILE = MSPDemoApp/Info.plist;
				IPHONEOS_DEPLOYMENT_TARGET = 15.0;
				MARKETING_VERSION = 0.0.117;
				MTL_ENABLE_DEBUG_INFO = NO;
				MTL_FAST_MATH = YES;
				PRODUCT_BUNDLE_IDENTIFIER = MSPDemoApp.MSPDemoApp;
				PRODUCT_NAME = "$(TARGET_NAME)";
				SDKROOT = iphoneos;
				SWIFT_COMPILATION_MODE = wholemodule;
				SWIFT_OPTIMIZATION_LEVEL = "-O";
				SWIFT_VERSION = 5.0;
				TARGETED_DEVICE_FAMILY = "1,2";
			};
			name = Release;
		};
/* End XCBuildConfiguration section */

/* Begin XCConfigurationList section */
		09B5C51426A519DB206BEC42 /* Build configuration list for PBXNativeTarget "MSPDemoApp" */ = {
			isa = XCConfigurationList;
			buildConfigurations = (
				0D43AA0D172CD62850F5DF93 /* Debug */,
				7EB8EC6002A0E6D5E6BEFB71 /* Release */,
			);
			defaultConfigurationIsVisible = 0;
			defaultConfigurationName = Debug;
		};
		17D0709B0CB331A4ABB65A54 /* Build configuration list for PBXNativeTarget "MSPDemoAppTests" */ = {
			isa = XCConfigurationList;
			buildConfigurations = (
				0BC9FC25680D714E3971A395 /* Debug */,
				9EE78267466BA0BAB006F348 /* Release */,
			);
			defaultConfigurationIsVisible = 0;
			defaultConfigurationName = Debug;
		};
		6F57054FDDB51C998738F5A0 /* Build configuration list for PBXNativeTarget "MSPDemoAppUITests" */ = {
			isa = XCConfigurationList;
			buildConfigurations = (
				5A7F9DBF6242D5A554ADB108 /* Debug */,
				A5F23192C9BE673A5B3716CF /* Release */,
			);
			defaultConfigurationIsVisible = 0;
			defaultConfigurationName = Debug;
		};
		719159FC28A600CAAE17CF43 /* Build configuration list for PBXProject "MSPDemoApp" */ = {
			isa = XCConfigurationList;
			buildConfigurations = (
				65841C2B5F18EE43F8335483 /* Debug */,
				C144155A27B1051CE0061A44 /* Release */,
			);
			defaultConfigurationIsVisible = 0;
			defaultConfigurationName = Debug;
		};
		FE5F85A518D6E197C1417A31 /* Build configuration list for PBXNativeTarget "MSPDemoApp-SPM" */ = {
			isa = XCConfigurationList;
			buildConfigurations = (
				739CF94AE795D86ED70E5BDB /* Debug */,
				34BA41F4A07AE7277CDF337C /* Release */,
			);
			defaultConfigurationIsVisible = 0;
			defaultConfigurationName = Debug;
		};
/* End XCConfigurationList section */

/* Begin XCLocalSwiftPackageReference section */
		00F357E0F5D8916CB9620CFF /* XCLocalSwiftPackageReference "../FBAudienceNetworkWrapper" */ = {
			isa = XCLocalSwiftPackageReference;
			relativePath = ../FBAudienceNetworkWrapper;
		};
		070FBB33BBA9DC028646E9EB /* XCLocalSwiftPackageReference "../MintegralAdSDKWrapper" */ = {
			isa = XCLocalSwiftPackageReference;
			relativePath = ../MintegralAdSDKWrapper;
		};
		0F054735417B0D4CEB51533F /* XCLocalSwiftPackageReference "../MobileFuseSDKWrapper" */ = {
			isa = XCLocalSwiftPackageReference;
			relativePath = ../MobileFuseSDKWrapper;
		};
		120C8A47B467D39971B57DBD /* XCLocalSwiftPackageReference "../OpenWrapSDKWrapper" */ = {
			isa = XCLocalSwiftPackageReference;
			relativePath = ../OpenWrapSDKWrapper;
		};
		1FB9E0AF87E23AB0B3CF7171 /* XCLocalSwiftPackageReference "../PubmaticAdapter" */ = {
			isa = XCLocalSwiftPackageReference;
			relativePath = ../PubmaticAdapter;
		};
		2DFB51DF535A7920F2240BD4 /* XCLocalSwiftPackageReference "../MSPiOSCore" */ = {
			isa = XCLocalSwiftPackageReference;
			relativePath = ../MSPiOSCore;
		};
		3700C60A0ACA66F887EB0C96 /* XCLocalSwiftPackageReference "../InMobiSDKWrapper" */ = {
			isa = XCLocalSwiftPackageReference;
			relativePath = ../InMobiSDKWrapper;
		};
		3EA082F1DEBAF6A19D8E7D0A /* XCLocalSwiftPackageReference "../NovaAdapter" */ = {
			isa = XCLocalSwiftPackageReference;
			relativePath = ../NovaAdapter;
		};
		6117C4698FE437D81B690A25 /* XCLocalSwiftPackageReference "../PrebidAdapter" */ = {
			isa = XCLocalSwiftPackageReference;
			relativePath = ../PrebidAdapter;
		};
		68E365D25AB495CCFAB84369 /* XCLocalSwiftPackageReference "../InmobiAdapter" */ = {
			isa = XCLocalSwiftPackageReference;
			relativePath = ../InmobiAdapter;
		};
		8127839665E0C1512C656AC2 /* XCLocalSwiftPackageReference "../NovaCore" */ = {
			isa = XCLocalSwiftPackageReference;
			relativePath = ../NovaCore;
		};
		8167D38F268956F16134AF3F /* XCLocalSwiftPackageReference "../MSPFacebookAdapter" */ = {
			isa = XCLocalSwiftPackageReference;
			relativePath = ../MSPFacebookAdapter;
		};
		92136324C556F54991ED4B56 /* XCLocalSwiftPackageReference "../IronSourceSDKWrapper" */ = {
			isa = XCLocalSwiftPackageReference;
			relativePath = ../IronSourceSDKWrapper;
		};
		9D737C4B5FF042AB2258C530 /* XCLocalSwiftPackageReference "../MSPCore" */ = {
			isa = XCLocalSwiftPackageReference;
			relativePath = ../MSPCore;
		};
		A5BD9EB31EB02801204EE163 /* XCLocalSwiftPackageReference "../MobilefuseAdapter" */ = {
			isa = XCLocalSwiftPackageReference;
			relativePath = ../MobilefuseAdapter;
		};
		A9C165F276BE0E1265DCC8C9 /* XCLocalSwiftPackageReference "../MSPSharedLibraries" */ = {
			isa = XCLocalSwiftPackageReference;
			relativePath = ../MSPSharedLibraries;
		};
		B23C2A4CE7ABF2A7C2CBA597 /* XCLocalSwiftPackageReference "../UnityAdapter" */ = {
			isa = XCLocalSwiftPackageReference;
			relativePath = ../UnityAdapter;
		};
		B2E11F35A10F1760B361B54E /* XCLocalSwiftPackageReference "../ShimmerWrapper" */ = {
			isa = XCLocalSwiftPackageReference;
			relativePath = ../ShimmerWrapper;
		};
		D595268A1CD69130016AB4DB /* XCLocalSwiftPackageReference "../MintegralAdapter" */ = {
			isa = XCLocalSwiftPackageReference;
			relativePath = ../MintegralAdapter;
		};
		E877056EA32EF1667C7EC5C7 /* XCLocalSwiftPackageReference "../MSPGoogleAdapter" */ = {
			isa = XCLocalSwiftPackageReference;
			relativePath = ../MSPGoogleAdapter;
		};
		F611A477DB1529D44EA6ED7B /* XCLocalSwiftPackageReference "../MSPOMSDK" */ = {
			isa = XCLocalSwiftPackageReference;
			relativePath = ../MSPOMSDK;
		};
/* End XCLocalSwiftPackageReference section */

/* Begin XCSwiftPackageProductDependency section */
		0182E9F363603E34650D4FA1 /* UnityAdapter */ = {
			isa = XCSwiftPackageProductDependency;
			productName = UnityAdapter;
		};
		05CA361568E79AC59F335993 /* InmobiAdapter */ = {
			isa = XCSwiftPackageProductDependency;
			productName = InmobiAdapter;
		};
		316BE11DC84EF8A3F89C986C /* MSPCore */ = {
			isa = XCSwiftPackageProductDependency;
			productName = MSPCore;
		};
		52CB56450F0F8FA3734EFF38 /* PrebidAdapter */ = {
			isa = XCSwiftPackageProductDependency;
			productName = PrebidAdapter;
		};
		56428D4624ED8FC761CE06BF /* MintegralAdapter */ = {
			isa = XCSwiftPackageProductDependency;
			productName = MintegralAdapter;
		};
		59A8D2FD0C54B7F45DBD6099 /* MSPOMSDK */ = {
			isa = XCSwiftPackageProductDependency;
			productName = MSPOMSDK;
		};
		6C0CDF3F749748051267BD68 /* OpenWrapSDKWrapper */ = {
			isa = XCSwiftPackageProductDependency;
			productName = OpenWrapSDKWrapper;
		};
		88DD1CE3DC34BFF271D9BEC6 /* MobileFuseSDKWrapper */ = {
			isa = XCSwiftPackageProductDependency;
			productName = MobileFuseSDKWrapper;
		};
		893C254868A6BA3EBE252B58 /* ShimmerWrapper */ = {
			isa = XCSwiftPackageProductDependency;
			productName = ShimmerWrapper;
		};
		978A422CCEC10AFA2A8A02B2 /* PubmaticAdapter */ = {
			isa = XCSwiftPackageProductDependency;
			productName = PubmaticAdapter;
		};
		9B89C3C2BFAEDF5A6CD80661 /* FBAudienceNetworkWrapper */ = {
			isa = XCSwiftPackageProductDependency;
			productName = FBAudienceNetworkWrapper;
		};
		A464BB25F77583D4B5553B94 /* MSPiOSCore */ = {
			isa = XCSwiftPackageProductDependency;
			productName = MSPiOSCore;
		};
		AD19961253E5CF2EBDE66426 /* MobilefuseAdapter */ = {
			isa = XCSwiftPackageProductDependency;
			productName = MobilefuseAdapter;
		};
		BA9B23A58E43F5F0BEE996C4 /* NovaCore */ = {
			isa = XCSwiftPackageProductDependency;
			productName = NovaCore;
		};
		C2BAD4F0E0B1569B461FDD97 /* NovaAdapter */ = {
			isa = XCSwiftPackageProductDependency;
			productName = NovaAdapter;
		};
		CF0B6BDC3DE98204330B97FA /* InMobiSDKWrapper */ = {
			isa = XCSwiftPackageProductDependency;
			productName = InMobiSDKWrapper;
		};
		CF21BC28449106ABBAA13117 /* MSPGoogleAdapter */ = {
			isa = XCSwiftPackageProductDependency;
			productName = MSPGoogleAdapter;
		};
		D49C675D3894BF3ACB54F3B6 /* MSPFacebookAdapter */ = {
			isa = XCSwiftPackageProductDependency;
			productName = MSPFacebookAdapter;
		};
		D69EE3C07EF58C20428348F6 /* MSPSharedLibraries */ = {
			isa = XCSwiftPackageProductDependency;
			productName = MSPSharedLibraries;
		};
		EFFD6F67A8D9DD271E3C2A0F /* IronSourceSDKWrapper */ = {
			isa = XCSwiftPackageProductDependency;
			productName = IronSourceSDKWrapper;
		};
		F845BDFBF15E4708310D8356 /* MintegralAdSDKWrapper */ = {
			isa = XCSwiftPackageProductDependency;
			productName = MintegralAdSDKWrapper;
		};
/* End XCSwiftPackageProductDependency section */
	};
	rootObject = DD062685330C5455EE8F5640 /* Project object */;
}
